// !$*UTF8*$!
{
	archiveVersion = 1;
	classes = {
	};
	objectVersion = 46;
	objects = {

/* Begin PBXBuildFile section */
		952CD10B194E99C2004DBAD1 /* SwiftestSpec.swift in Sources */ = {isa = PBXBuildFile; fileRef = 952CD0F9194E9818004DBAD1 /* SwiftestSpec.swift */; };
		952CD10C194E99DC004DBAD1 /* libSwiftest.dylib in Frameworks */ = {isa = PBXBuildFile; fileRef = 952CD0FD194E990F004DBAD1 /* libSwiftest.dylib */; };
		952CD10E194E9AD0004DBAD1 /* main.swift in Sources */ = {isa = PBXBuildFile; fileRef = 952CD10D194E9AD0004DBAD1 /* main.swift */; };
/* End PBXBuildFile section */

/* Begin PBXCopyFilesBuildPhase section */
		952CD102194E99B3004DBAD1 /* CopyFiles */ = {
			isa = PBXCopyFilesBuildPhase;
			buildActionMask = 2147483647;
			dstPath = /usr/share/man/man1/;
			dstSubfolderSpec = 0;
			files = (
			);
			runOnlyForDeploymentPostprocessing = 1;
		};
/* End PBXCopyFilesBuildPhase section */

/* Begin PBXFileReference section */
		952CD0D4194E97B5004DBAD1 /* libSpecs.dylib */ = {isa = PBXFileReference; explicitFileType = "compiled.mach-o.dylib"; includeInIndex = 0; path = libSpecs.dylib; sourceTree = BUILT_PRODUCTS_DIR; };
		952CD0F5194E97E7004DBAD1 /* Info.plist */ = {isa = PBXFileReference; lastKnownFileType = text.plist.xml; path = Info.plist; sourceTree = "<group>"; };
		952CD0F9194E9818004DBAD1 /* SwiftestSpec.swift */ = {isa = PBXFileReference; fileEncoding = 4; lastKnownFileType = sourcecode.swift; path = SwiftestSpec.swift; sourceTree = "<group>"; };
		952CD0FD194E990F004DBAD1 /* libSwiftest.dylib */ = {isa = PBXFileReference; lastKnownFileType = "compiled.mach-o.dylib"; name = libSwiftest.dylib; path = "../../../../Library/Developer/Xcode/DerivedData/Swiftest-cfbpzcdigcqbrmdzkiyzlbnjozgg/Build/Products/Debug/libSwiftest.dylib"; sourceTree = "<group>"; };
		952CD104194E99B3004DBAD1 /* Specs */ = {isa = PBXFileReference; explicitFileType = "compiled.mach-o.executable"; includeInIndex = 0; path = Specs; sourceTree = BUILT_PRODUCTS_DIR; };
		952CD10D194E9AD0004DBAD1 /* main.swift */ = {isa = PBXFileReference; fileEncoding = 4; lastKnownFileType = sourcecode.swift; path = main.swift; sourceTree = "<group>"; };
/* End PBXFileReference section */

/* Begin PBXFrameworksBuildPhase section */
		952CD0D1194E97B5004DBAD1 /* Frameworks */ = {
			isa = PBXFrameworksBuildPhase;
			buildActionMask = 2147483647;
			files = (
			);
			runOnlyForDeploymentPostprocessing = 0;
		};
		952CD101194E99B3004DBAD1 /* Frameworks */ = {
			isa = PBXFrameworksBuildPhase;
			buildActionMask = 2147483647;
			files = (
				952CD10C194E99DC004DBAD1 /* libSwiftest.dylib in Frameworks */,
			);
			runOnlyForDeploymentPostprocessing = 0;
		};
/* End PBXFrameworksBuildPhase section */

/* Begin PBXGroup section */
		952CD0CB194E97B5004DBAD1 = {
			isa = PBXGroup;
			children = (
				952CD0FD194E990F004DBAD1 /* libSwiftest.dylib */,
				952CD0F3194E97E7004DBAD1 /* Specs */,
				952CD0D5194E97B5004DBAD1 /* Products */,
			);
			sourceTree = "<group>";
		};
		952CD0D5194E97B5004DBAD1 /* Products */ = {
			isa = PBXGroup;
			children = (
				952CD0D4194E97B5004DBAD1 /* libSpecs.dylib */,
				952CD104194E99B3004DBAD1 /* Specs */,
			);
			name = Products;
			sourceTree = "<group>";
		};
		952CD0F3194E97E7004DBAD1 /* Specs */ = {
			isa = PBXGroup;
			children = (
				952CD0F4194E97E7004DBAD1 /* Supporting Files */,
				952CD0F9194E9818004DBAD1 /* SwiftestSpec.swift */,
				952CD10D194E9AD0004DBAD1 /* main.swift */,
			);
			path = Specs;
			sourceTree = "<group>";
		};
		952CD0F4194E97E7004DBAD1 /* Supporting Files */ = {
			isa = PBXGroup;
			children = (
				952CD0F5194E97E7004DBAD1 /* Info.plist */,
			);
			name = "Supporting Files";
			sourceTree = "<group>";
		};
/* End PBXGroup section */

/* Begin PBXHeadersBuildPhase section */
		952CD0D2194E97B5004DBAD1 /* Headers */ = {
			isa = PBXHeadersBuildPhase;
			buildActionMask = 2147483647;
			files = (
			);
			runOnlyForDeploymentPostprocessing = 0;
		};
/* End PBXHeadersBuildPhase section */

/* Begin PBXNativeTarget section */
		952CD0D3194E97B5004DBAD1 /* Example */ = {
			isa = PBXNativeTarget;
			buildConfigurationList = 952CD0E8194E97B5004DBAD1 /* Build configuration list for PBXNativeTarget "Example" */;
			buildPhases = (
				952CD0D0194E97B5004DBAD1 /* Sources */,
				952CD0D1194E97B5004DBAD1 /* Frameworks */,
				952CD0D2194E97B5004DBAD1 /* Headers */,
			);
			buildRules = (
			);
			dependencies = (
			);
			name = Example;
			productName = Example;
			productReference = 952CD0D4194E97B5004DBAD1 /* libSpecs.dylib */;
			productType = "com.apple.product-type.library.dynamic";
		};
		952CD103194E99B3004DBAD1 /* Specs */ = {
			isa = PBXNativeTarget;
			buildConfigurationList = 952CD108194E99B4004DBAD1 /* Build configuration list for PBXNativeTarget "Specs" */;
			buildPhases = (
				952CD100194E99B3004DBAD1 /* Sources */,
				952CD101194E99B3004DBAD1 /* Frameworks */,
				952CD102194E99B3004DBAD1 /* CopyFiles */,
			);
			buildRules = (
			);
			dependencies = (
			);
			name = Specs;
			productName = Specs;
			productReference = 952CD104194E99B3004DBAD1 /* Specs */;
			productType = "com.apple.product-type.tool";
		};
/* End PBXNativeTarget section */

/* Begin PBXProject section */
		952CD0CC194E97B5004DBAD1 /* Project object */ = {
			isa = PBXProject;
			attributes = {
				LastUpgradeCheck = 0600;
				ORGANIZATIONNAME = Swiftest;
				TargetAttributes = {
					952CD0D3194E97B5004DBAD1 = {
						CreatedOnToolsVersion = 6.0;
					};
					952CD103194E99B3004DBAD1 = {
						CreatedOnToolsVersion = 6.0;
					};
				};
			};
			buildConfigurationList = 952CD0CF194E97B5004DBAD1 /* Build configuration list for PBXProject "Specs" */;
			compatibilityVersion = "Xcode 3.2";
			developmentRegion = English;
			hasScannedForEncodings = 0;
			knownRegions = (
				en,
			);
			mainGroup = 952CD0CB194E97B5004DBAD1;
			productRefGroup = 952CD0D5194E97B5004DBAD1 /* Products */;
			projectDirPath = "";
			projectRoot = "";
			targets = (
				952CD0D3194E97B5004DBAD1 /* Example */,
				952CD103194E99B3004DBAD1 /* Specs */,
			);
		};
/* End PBXProject section */

/* Begin PBXSourcesBuildPhase section */
		952CD0D0194E97B5004DBAD1 /* Sources */ = {
			isa = PBXSourcesBuildPhase;
			buildActionMask = 2147483647;
			files = (
			);
			runOnlyForDeploymentPostprocessing = 0;
		};
		952CD100194E99B3004DBAD1 /* Sources */ = {
			isa = PBXSourcesBuildPhase;
			buildActionMask = 2147483647;
			files = (
				952CD10E194E9AD0004DBAD1 /* main.swift in Sources */,
				952CD10B194E99C2004DBAD1 /* SwiftestSpec.swift in Sources */,
			);
			runOnlyForDeploymentPostprocessing = 0;
		};
/* End PBXSourcesBuildPhase section */

/* Begin XCBuildConfiguration section */
		952CD0E6194E97B5004DBAD1 /* Debug */ = {
			isa = XCBuildConfiguration;
			buildSettings = {
				ALWAYS_SEARCH_USER_PATHS = NO;
				CLANG_CXX_LANGUAGE_STANDARD = "gnu++0x";
				CLANG_CXX_LIBRARY = "libc++";
				CLANG_ENABLE_MODULES = YES;
				CLANG_ENABLE_OBJC_ARC = YES;
				CLANG_WARN_BOOL_CONVERSION = YES;
				CLANG_WARN_CONSTANT_CONVERSION = YES;
				CLANG_WARN_DIRECT_OBJC_ISA_USAGE = YES_ERROR;
				CLANG_WARN_EMPTY_BODY = YES;
				CLANG_WARN_ENUM_CONVERSION = YES;
				CLANG_WARN_INT_CONVERSION = YES;
				CLANG_WARN_OBJC_ROOT_CLASS = YES_ERROR;
				CLANG_WARN_UNREACHABLE_CODE = YES;
				CLANG_WARN__DUPLICATE_METHOD_MATCH = YES;
				COPY_PHASE_STRIP = NO;
				ENABLE_STRICT_OBJC_MSGSEND = YES;
				GCC_C_LANGUAGE_STANDARD = gnu99;
				GCC_DYNAMIC_NO_PIC = NO;
				GCC_OPTIMIZATION_LEVEL = 0;
				GCC_PREPROCESSOR_DEFINITIONS = (
					"DEBUG=1",
					"$(inherited)",
				);
				GCC_SYMBOLS_PRIVATE_EXTERN = NO;
				GCC_WARN_64_TO_32_BIT_CONVERSION = YES;
				GCC_WARN_ABOUT_RETURN_TYPE = YES_ERROR;
				GCC_WARN_UNDECLARED_SELECTOR = YES;
				GCC_WARN_UNINITIALIZED_AUTOS = YES_AGGRESSIVE;
				GCC_WARN_UNUSED_FUNCTION = YES;
				GCC_WARN_UNUSED_VARIABLE = YES;
				MACOSX_DEPLOYMENT_TARGET = 10.9;
				METAL_ENABLE_DEBUG_INFO = YES;
				ONLY_ACTIVE_ARCH = YES;
				SDKROOT = macosx;
			};
			name = Debug;
		};
		952CD0E7194E97B5004DBAD1 /* Release */ = {
			isa = XCBuildConfiguration;
			buildSettings = {
				ALWAYS_SEARCH_USER_PATHS = NO;
				CLANG_CXX_LANGUAGE_STANDARD = "gnu++0x";
				CLANG_CXX_LIBRARY = "libc++";
				CLANG_ENABLE_MODULES = YES;
				CLANG_ENABLE_OBJC_ARC = YES;
				CLANG_WARN_BOOL_CONVERSION = YES;
				CLANG_WARN_CONSTANT_CONVERSION = YES;
				CLANG_WARN_DIRECT_OBJC_ISA_USAGE = YES_ERROR;
				CLANG_WARN_EMPTY_BODY = YES;
				CLANG_WARN_ENUM_CONVERSION = YES;
				CLANG_WARN_INT_CONVERSION = YES;
				CLANG_WARN_OBJC_ROOT_CLASS = YES_ERROR;
				CLANG_WARN_UNREACHABLE_CODE = YES;
				CLANG_WARN__DUPLICATE_METHOD_MATCH = YES;
				COPY_PHASE_STRIP = YES;
				DEBUG_INFORMATION_FORMAT = "dwarf-with-dsym";
				ENABLE_NS_ASSERTIONS = NO;
				ENABLE_STRICT_OBJC_MSGSEND = YES;
				GCC_C_LANGUAGE_STANDARD = gnu99;
				GCC_WARN_64_TO_32_BIT_CONVERSION = YES;
				GCC_WARN_ABOUT_RETURN_TYPE = YES_ERROR;
				GCC_WARN_UNDECLARED_SELECTOR = YES;
				GCC_WARN_UNINITIALIZED_AUTOS = YES_AGGRESSIVE;
				GCC_WARN_UNUSED_FUNCTION = YES;
				GCC_WARN_UNUSED_VARIABLE = YES;
				MACOSX_DEPLOYMENT_TARGET = 10.9;
				METAL_ENABLE_DEBUG_INFO = NO;
				SDKROOT = macosx;
			};
			name = Release;
		};
		952CD0E9194E97B5004DBAD1 /* Debug */ = {
			isa = XCBuildConfiguration;
			buildSettings = {
				DYLIB_COMPATIBILITY_VERSION = 1;
				DYLIB_CURRENT_VERSION = 1;
				EXECUTABLE_PREFIX = lib;
				PRODUCT_NAME = Specs;
			};
			name = Debug;
		};
		952CD0EA194E97B5004DBAD1 /* Release */ = {
			isa = XCBuildConfiguration;
			buildSettings = {
				DYLIB_COMPATIBILITY_VERSION = 1;
				DYLIB_CURRENT_VERSION = 1;
				EXECUTABLE_PREFIX = lib;
				PRODUCT_NAME = Specs;
			};
			name = Release;
		};
		952CD109194E99B4004DBAD1 /* Debug */ = {
			isa = XCBuildConfiguration;
			buildSettings = {
				GCC_PREPROCESSOR_DEFINITIONS = (
					"DEBUG=1",
					"$(inherited)",
				);
				LIBRARY_SEARCH_PATHS = (
					"$(inherited)",
					"$(USER_LIBRARY_DIR)/Developer/Xcode/DerivedData/Swiftest-cfbpzcdigcqbrmdzkiyzlbnjozgg/Build/Products/Debug",
				);
				METAL_ENABLE_DEBUG_INFO = YES;
				PRODUCT_NAME = "$(TARGET_NAME)";
				SWIFT_OPTIMIZATION_LEVEL = "-Onone";
			};
			name = Debug;
		};
		952CD10A194E99B4004DBAD1 /* Release */ = {
			isa = XCBuildConfiguration;
			buildSettings = {
				LIBRARY_SEARCH_PATHS = (
					"$(inherited)",
					"$(USER_LIBRARY_DIR)/Developer/Xcode/DerivedData/Swiftest-cfbpzcdigcqbrmdzkiyzlbnjozgg/Build/Products/Debug",
				);
				METAL_ENABLE_DEBUG_INFO = NO;
				PRODUCT_NAME = "$(TARGET_NAME)";
			};
			name = Release;
		};
/* End XCBuildConfiguration section */

/* Begin XCConfigurationList section */
		952CD0CF194E97B5004DBAD1 /* Build configuration list for PBXProject "Specs" */ = {
			isa = XCConfigurationList;
			buildConfigurations = (
				952CD0E6194E97B5004DBAD1 /* Debug */,
				952CD0E7194E97B5004DBAD1 /* Release */,
			);
			defaultConfigurationIsVisible = 0;
			defaultConfigurationName = Release;
		};
		952CD0E8194E97B5004DBAD1 /* Build configuration list for PBXNativeTarget "Example" */ = {
			isa = XCConfigurationList;
			buildConfigurations = (
				952CD0E9194E97B5004DBAD1 /* Debug */,
				952CD0EA194E97B5004DBAD1 /* Release */,
			);
			defaultConfigurationIsVisible = 0;
		};
		952CD108194E99B4004DBAD1 /* Build configuration list for PBXNativeTarget "Specs" */ = {
			isa = XCConfigurationList;
			buildConfigurations = (
				952CD109194E99B4004DBAD1 /* Debug */,
				952CD10A194E99B4004DBAD1 /* Release */,
			);
			defaultConfigurationIsVisible = 0;
		};
/* End XCConfigurationList section */
	};
	rootObject = 952CD0CC194E97B5004DBAD1 /* Project object */;
}
