// !$*UTF8*$!
{
	archiveVersion = 1;
	classes = {
	};
	objectVersion = 46;
	objects = {

/* Begin PBXBuildFile section */
		95354B56194A015800CA28AF /* BaseExpectation.swift in Sources */ = {isa = PBXBuildFile; fileRef = 95354B4C194A015800CA28AF /* BaseExpectation.swift */; };
		95354B57194A015800CA28AF /* BoolExpectation.swift in Sources */ = {isa = PBXBuildFile; fileRef = 95354B4D194A015800CA28AF /* BoolExpectation.swift */; };
		95354B58194A015800CA28AF /* CollectionExpectation.swift in Sources */ = {isa = PBXBuildFile; fileRef = 95354B4E194A015800CA28AF /* CollectionExpectation.swift */; };
		95354B59194A015800CA28AF /* DictionaryExpectation.swift in Sources */ = {isa = PBXBuildFile; fileRef = 95354B4F194A015800CA28AF /* DictionaryExpectation.swift */; };
		95354B5A194A015800CA28AF /* Example.swift in Sources */ = {isa = PBXBuildFile; fileRef = 95354B50194A015800CA28AF /* Example.swift */; };
		95354B5B194A015800CA28AF /* ExampleStatus.swift in Sources */ = {isa = PBXBuildFile; fileRef = 95354B51194A015800CA28AF /* ExampleStatus.swift */; };
		95354B5C194A015800CA28AF /* ExpectationResult.swift in Sources */ = {isa = PBXBuildFile; fileRef = 95354B52194A015800CA28AF /* ExpectationResult.swift */; };
		95354B5D194A015800CA28AF /* ScalarExpectation.swift in Sources */ = {isa = PBXBuildFile; fileRef = 95354B53194A015800CA28AF /* ScalarExpectation.swift */; };
		95354B5E194A015800CA28AF /* Specification.swift in Sources */ = {isa = PBXBuildFile; fileRef = 95354B54194A015800CA28AF /* Specification.swift */; };
		95354B5F194A015800CA28AF /* Swiftest.swift in Sources */ = {isa = PBXBuildFile; fileRef = 95354B55194A015800CA28AF /* Swiftest.swift */; };
		9570FBF51946402A00D4DFF3 /* libSwiftest.dylib in Frameworks */ = {isa = PBXBuildFile; fileRef = 9570FBE91946402A00D4DFF3 /* libSwiftest.dylib */; };
		95A23FC2194A04A400276922 /* BoolExpectationTest.swift in Sources */ = {isa = PBXBuildFile; fileRef = 95354B60194A01E000CA28AF /* BoolExpectationTest.swift */; };
		95A23FC3194A04A400276922 /* CollectionExpectationTest.swift in Sources */ = {isa = PBXBuildFile; fileRef = 95354B61194A01E000CA28AF /* CollectionExpectationTest.swift */; };
		95A23FC4194A04A400276922 /* DictionaryExpectationTest.swift in Sources */ = {isa = PBXBuildFile; fileRef = 95354B62194A01E000CA28AF /* DictionaryExpectationTest.swift */; };
		95A23FC5194A04A400276922 /* ExampleTest.swift in Sources */ = {isa = PBXBuildFile; fileRef = 95354B63194A01E000CA28AF /* ExampleTest.swift */; };
		95A23FC6194A04A400276922 /* ScalarExpectationTest.swift in Sources */ = {isa = PBXBuildFile; fileRef = 95354B65194A01E000CA28AF /* ScalarExpectationTest.swift */; };
		95A23FC7194A04A400276922 /* SpecificationTest.swift in Sources */ = {isa = PBXBuildFile; fileRef = 95354B66194A01E000CA28AF /* SpecificationTest.swift */; };
		95A23FC8194A04A400276922 /* SwiftestTest.swift in Sources */ = {isa = PBXBuildFile; fileRef = 95354B67194A01E000CA28AF /* SwiftestTest.swift */; };
/* End PBXBuildFile section */

/* Begin PBXContainerItemProxy section */
		9570FBF61946402A00D4DFF3 /* PBXContainerItemProxy */ = {
			isa = PBXContainerItemProxy;
			containerPortal = 9570FBE11946402A00D4DFF3 /* Project object */;
			proxyType = 1;
			remoteGlobalIDString = 9570FBE81946402A00D4DFF3;
			remoteInfo = SwiftestCore;
		};
		95A23FCA194A060000276922 /* PBXContainerItemProxy */ = {
			isa = PBXContainerItemProxy;
			containerPortal = 9570FBE11946402A00D4DFF3 /* Project object */;
			proxyType = 1;
			remoteGlobalIDString = 9570FBE81946402A00D4DFF3;
			remoteInfo = Swiftest;
		};
/* End PBXContainerItemProxy section */

/* Begin PBXFileReference section */
		95354B4C194A015800CA28AF /* BaseExpectation.swift */ = {isa = PBXFileReference; fileEncoding = 4; lastKnownFileType = sourcecode.swift; name = BaseExpectation.swift; path = ../../Swiftest/Core/BaseExpectation.swift; sourceTree = "<group>"; };
		95354B4D194A015800CA28AF /* BoolExpectation.swift */ = {isa = PBXFileReference; fileEncoding = 4; lastKnownFileType = sourcecode.swift; name = BoolExpectation.swift; path = ../../Swiftest/Core/BoolExpectation.swift; sourceTree = "<group>"; };
		95354B4E194A015800CA28AF /* CollectionExpectation.swift */ = {isa = PBXFileReference; fileEncoding = 4; lastKnownFileType = sourcecode.swift; name = CollectionExpectation.swift; path = ../../Swiftest/Core/CollectionExpectation.swift; sourceTree = "<group>"; };
		95354B4F194A015800CA28AF /* DictionaryExpectation.swift */ = {isa = PBXFileReference; fileEncoding = 4; lastKnownFileType = sourcecode.swift; name = DictionaryExpectation.swift; path = ../../Swiftest/Core/DictionaryExpectation.swift; sourceTree = "<group>"; };
		95354B50194A015800CA28AF /* Example.swift */ = {isa = PBXFileReference; fileEncoding = 4; lastKnownFileType = sourcecode.swift; name = Example.swift; path = ../../Swiftest/Core/Example.swift; sourceTree = "<group>"; };
		95354B51194A015800CA28AF /* ExampleStatus.swift */ = {isa = PBXFileReference; fileEncoding = 4; lastKnownFileType = sourcecode.swift; name = ExampleStatus.swift; path = ../../Swiftest/Core/ExampleStatus.swift; sourceTree = "<group>"; };
		95354B52194A015800CA28AF /* ExpectationResult.swift */ = {isa = PBXFileReference; fileEncoding = 4; lastKnownFileType = sourcecode.swift; name = ExpectationResult.swift; path = ../../Swiftest/Core/ExpectationResult.swift; sourceTree = "<group>"; };
		95354B53194A015800CA28AF /* ScalarExpectation.swift */ = {isa = PBXFileReference; fileEncoding = 4; lastKnownFileType = sourcecode.swift; name = ScalarExpectation.swift; path = ../../Swiftest/Core/ScalarExpectation.swift; sourceTree = "<group>"; };
		95354B54194A015800CA28AF /* Specification.swift */ = {isa = PBXFileReference; fileEncoding = 4; lastKnownFileType = sourcecode.swift; name = Specification.swift; path = ../../Swiftest/Core/Specification.swift; sourceTree = "<group>"; };
		95354B55194A015800CA28AF /* Swiftest.swift */ = {isa = PBXFileReference; fileEncoding = 4; lastKnownFileType = sourcecode.swift; name = Swiftest.swift; path = ../../Swiftest/Core/Swiftest.swift; sourceTree = "<group>"; };
		95354B60194A01E000CA28AF /* BoolExpectationTest.swift */ = {isa = PBXFileReference; fileEncoding = 4; lastKnownFileType = sourcecode.swift; name = BoolExpectationTest.swift; path = ../../Swiftest/Test/BoolExpectationTest.swift; sourceTree = "<group>"; };
		95354B61194A01E000CA28AF /* CollectionExpectationTest.swift */ = {isa = PBXFileReference; fileEncoding = 4; lastKnownFileType = sourcecode.swift; name = CollectionExpectationTest.swift; path = ../../Swiftest/Test/CollectionExpectationTest.swift; sourceTree = "<group>"; };
		95354B62194A01E000CA28AF /* DictionaryExpectationTest.swift */ = {isa = PBXFileReference; fileEncoding = 4; lastKnownFileType = sourcecode.swift; name = DictionaryExpectationTest.swift; path = ../../Swiftest/Test/DictionaryExpectationTest.swift; sourceTree = "<group>"; };
		95354B63194A01E000CA28AF /* ExampleTest.swift */ = {isa = PBXFileReference; fileEncoding = 4; lastKnownFileType = sourcecode.swift; name = ExampleTest.swift; path = ../../Swiftest/Test/ExampleTest.swift; sourceTree = "<group>"; };
		95354B64194A01E000CA28AF /* Info.plist */ = {isa = PBXFileReference; fileEncoding = 4; lastKnownFileType = text.plist.xml; name = Info.plist; path = ../../Swiftest/Test/Info.plist; sourceTree = "<group>"; };
		95354B65194A01E000CA28AF /* ScalarExpectationTest.swift */ = {isa = PBXFileReference; fileEncoding = 4; lastKnownFileType = sourcecode.swift; name = ScalarExpectationTest.swift; path = ../../Swiftest/Test/ScalarExpectationTest.swift; sourceTree = "<group>"; };
		95354B66194A01E000CA28AF /* SpecificationTest.swift */ = {isa = PBXFileReference; fileEncoding = 4; lastKnownFileType = sourcecode.swift; name = SpecificationTest.swift; path = ../../Swiftest/Test/SpecificationTest.swift; sourceTree = "<group>"; };
		95354B67194A01E000CA28AF /* SwiftestTest.swift */ = {isa = PBXFileReference; fileEncoding = 4; lastKnownFileType = sourcecode.swift; name = SwiftestTest.swift; path = ../../Swiftest/Test/SwiftestTest.swift; sourceTree = "<group>"; };
		9570FBE91946402A00D4DFF3 /* libSwiftest.dylib */ = {isa = PBXFileReference; explicitFileType = "compiled.mach-o.dylib"; includeInIndex = 0; path = libSwiftest.dylib; sourceTree = BUILT_PRODUCTS_DIR; };
		9570FBF41946402A00D4DFF3 /* SwiftestTests.xctest */ = {isa = PBXFileReference; explicitFileType = wrapper.cfbundle; includeInIndex = 0; path = SwiftestTests.xctest; sourceTree = BUILT_PRODUCTS_DIR; };
/* End PBXFileReference section */

/* Begin PBXFrameworksBuildPhase section */
		9570FBE61946402A00D4DFF3 /* Frameworks */ = {
			isa = PBXFrameworksBuildPhase;
			buildActionMask = 2147483647;
			files = (
			);
			runOnlyForDeploymentPostprocessing = 0;
		};
		9570FBF11946402A00D4DFF3 /* Frameworks */ = {
			isa = PBXFrameworksBuildPhase;
			buildActionMask = 2147483647;
			files = (
				9570FBF51946402A00D4DFF3 /* libSwiftest.dylib in Frameworks */,
			);
			runOnlyForDeploymentPostprocessing = 0;
		};
/* End PBXFrameworksBuildPhase section */

/* Begin PBXGroup section */
		95354B6F194A01E400CA28AF /* Supporting Files */ = {
			isa = PBXGroup;
			children = (
				95354B64194A01E000CA28AF /* Info.plist */,
			);
			name = "Supporting Files";
			sourceTree = "<group>";
		};
		9570FBE01946402A00D4DFF3 = {
			isa = PBXGroup;
			children = (
				9570FBEB1946402A00D4DFF3 /* Swiftest */,
				9570FBF81946402A00D4DFF3 /* Test */,
				9570FBEA1946402A00D4DFF3 /* Products */,
			);
			sourceTree = "<group>";
		};
		9570FBEA1946402A00D4DFF3 /* Products */ = {
			isa = PBXGroup;
			children = (
				9570FBE91946402A00D4DFF3 /* libSwiftest.dylib */,
				9570FBF41946402A00D4DFF3 /* SwiftestTests.xctest */,
			);
			name = Products;
			sourceTree = "<group>";
		};
		9570FBEB1946402A00D4DFF3 /* Swiftest */ = {
			isa = PBXGroup;
			children = (
				95354B4C194A015800CA28AF /* BaseExpectation.swift */,
				95354B4D194A015800CA28AF /* BoolExpectation.swift */,
				95354B4E194A015800CA28AF /* CollectionExpectation.swift */,
				95354B4F194A015800CA28AF /* DictionaryExpectation.swift */,
				95354B50194A015800CA28AF /* Example.swift */,
				95354B51194A015800CA28AF /* ExampleStatus.swift */,
				95354B52194A015800CA28AF /* ExpectationResult.swift */,
				95354B53194A015800CA28AF /* ScalarExpectation.swift */,
				95354B54194A015800CA28AF /* Specification.swift */,
				95354B55194A015800CA28AF /* Swiftest.swift */,
			);
			name = Swiftest;
			path = SwiftestCore;
			sourceTree = "<group>";
		};
		9570FBF81946402A00D4DFF3 /* Test */ = {
			isa = PBXGroup;
			children = (
				95354B60194A01E000CA28AF /* BoolExpectationTest.swift */,
				95354B61194A01E000CA28AF /* CollectionExpectationTest.swift */,
				95354B62194A01E000CA28AF /* DictionaryExpectationTest.swift */,
				95354B63194A01E000CA28AF /* ExampleTest.swift */,
				95354B65194A01E000CA28AF /* ScalarExpectationTest.swift */,
				95354B66194A01E000CA28AF /* SpecificationTest.swift */,
				95354B67194A01E000CA28AF /* SwiftestTest.swift */,
				95354B6F194A01E400CA28AF /* Supporting Files */,
			);
			name = Test;
			path = SwiftestCoreTests;
			sourceTree = "<group>";
		};
/* End PBXGroup section */

/* Begin PBXHeadersBuildPhase section */
		9570FBE71946402A00D4DFF3 /* Headers */ = {
			isa = PBXHeadersBuildPhase;
			buildActionMask = 2147483647;
			files = (
			);
			runOnlyForDeploymentPostprocessing = 0;
		};
/* End PBXHeadersBuildPhase section */

/* Begin PBXNativeTarget section */
		9570FBE81946402A00D4DFF3 /* Swiftest */ = {
			isa = PBXNativeTarget;
			buildConfigurationList = 9570FBFD1946402A00D4DFF3 /* Build configuration list for PBXNativeTarget "Swiftest" */;
			buildPhases = (
				9570FBE51946402A00D4DFF3 /* Sources */,
				9570FBE61946402A00D4DFF3 /* Frameworks */,
				9570FBE71946402A00D4DFF3 /* Headers */,
			);
			buildRules = (
			);
			dependencies = (
			);
			name = Swiftest;
			productName = SwiftestCore;
			productReference = 9570FBE91946402A00D4DFF3 /* libSwiftest.dylib */;
			productType = "com.apple.product-type.library.dynamic";
		};
		9570FBF31946402A00D4DFF3 /* SwiftestTests */ = {
			isa = PBXNativeTarget;
			buildConfigurationList = 9570FC001946402A00D4DFF3 /* Build configuration list for PBXNativeTarget "SwiftestTests" */;
			buildPhases = (
				9570FBF01946402A00D4DFF3 /* Sources */,
				9570FBF11946402A00D4DFF3 /* Frameworks */,
				9570FBF21946402A00D4DFF3 /* Resources */,
			);
			buildRules = (
			);
			dependencies = (
				9570FBF71946402A00D4DFF3 /* PBXTargetDependency */,
				95A23FCB194A060000276922 /* PBXTargetDependency */,
			);
			name = SwiftestTests;
			productName = SwiftestCoreTests;
			productReference = 9570FBF41946402A00D4DFF3 /* SwiftestTests.xctest */;
			productType = "com.apple.product-type.bundle.unit-test";
		};
/* End PBXNativeTarget section */

/* Begin PBXProject section */
		9570FBE11946402A00D4DFF3 /* Project object */ = {
			isa = PBXProject;
			attributes = {
				LastUpgradeCheck = 0600;
				ORGANIZATIONNAME = swifttest;
				TargetAttributes = {
					9570FBE81946402A00D4DFF3 = {
						CreatedOnToolsVersion = 6.0;
					};
					9570FBF31946402A00D4DFF3 = {
						CreatedOnToolsVersion = 6.0;
						TestTargetID = 9570FBE81946402A00D4DFF3;
					};
				};
			};
			buildConfigurationList = 9570FBE41946402A00D4DFF3 /* Build configuration list for PBXProject "Swiftest" */;
			compatibilityVersion = "Xcode 3.2";
			developmentRegion = English;
			hasScannedForEncodings = 0;
			knownRegions = (
				en,
			);
			mainGroup = 9570FBE01946402A00D4DFF3;
			productRefGroup = 9570FBEA1946402A00D4DFF3 /* Products */;
			projectDirPath = "";
			projectRoot = "";
			targets = (
				9570FBE81946402A00D4DFF3 /* Swiftest */,
				9570FBF31946402A00D4DFF3 /* SwiftestTests */,
			);
		};
/* End PBXProject section */

/* Begin PBXResourcesBuildPhase section */
		9570FBF21946402A00D4DFF3 /* Resources */ = {
			isa = PBXResourcesBuildPhase;
			buildActionMask = 2147483647;
			files = (
			);
			runOnlyForDeploymentPostprocessing = 0;
		};
/* End PBXResourcesBuildPhase section */

/* Begin PBXSourcesBuildPhase section */
		9570FBE51946402A00D4DFF3 /* Sources */ = {
			isa = PBXSourcesBuildPhase;
			buildActionMask = 2147483647;
			files = (
				95354B5E194A015800CA28AF /* Specification.swift in Sources */,
				95354B59194A015800CA28AF /* DictionaryExpectation.swift in Sources */,
				95354B5F194A015800CA28AF /* Swiftest.swift in Sources */,
				95354B57194A015800CA28AF /* BoolExpectation.swift in Sources */,
				95354B58194A015800CA28AF /* CollectionExpectation.swift in Sources */,
				95354B56194A015800CA28AF /* BaseExpectation.swift in Sources */,
				95354B5D194A015800CA28AF /* ScalarExpectation.swift in Sources */,
				95354B5B194A015800CA28AF /* ExampleStatus.swift in Sources */,
				95354B5C194A015800CA28AF /* ExpectationResult.swift in Sources */,
				95354B5A194A015800CA28AF /* Example.swift in Sources */,
			);
			runOnlyForDeploymentPostprocessing = 0;
		};
		9570FBF01946402A00D4DFF3 /* Sources */ = {
			isa = PBXSourcesBuildPhase;
			buildActionMask = 2147483647;
			files = (
				95A23FC2194A04A400276922 /* BoolExpectationTest.swift in Sources */,
				95A23FC3194A04A400276922 /* CollectionExpectationTest.swift in Sources */,
				95A23FC4194A04A400276922 /* DictionaryExpectationTest.swift in Sources */,
				95A23FC5194A04A400276922 /* ExampleTest.swift in Sources */,
				95A23FC6194A04A400276922 /* ScalarExpectationTest.swift in Sources */,
				95A23FC7194A04A400276922 /* SpecificationTest.swift in Sources */,
				95A23FC8194A04A400276922 /* SwiftestTest.swift in Sources */,
			);
			runOnlyForDeploymentPostprocessing = 0;
		};
/* End PBXSourcesBuildPhase section */

/* Begin PBXTargetDependency section */
		9570FBF71946402A00D4DFF3 /* PBXTargetDependency */ = {
			isa = PBXTargetDependency;
			target = 9570FBE81946402A00D4DFF3 /* Swiftest */;
			targetProxy = 9570FBF61946402A00D4DFF3 /* PBXContainerItemProxy */;
		};
		95A23FCB194A060000276922 /* PBXTargetDependency */ = {
			isa = PBXTargetDependency;
			target = 9570FBE81946402A00D4DFF3 /* Swiftest */;
			targetProxy = 95A23FCA194A060000276922 /* PBXContainerItemProxy */;
		};
/* End PBXTargetDependency section */

/* Begin XCBuildConfiguration section */
		9570FBFB1946402A00D4DFF3 /* Debug */ = {
			isa = XCBuildConfiguration;
			buildSettings = {
				ALWAYS_SEARCH_USER_PATHS = NO;
				CLANG_CXX_LANGUAGE_STANDARD = "gnu++0x";
				CLANG_CXX_LIBRARY = "libc++";
				CLANG_ENABLE_MODULES = YES;
				CLANG_ENABLE_OBJC_ARC = YES;
				CLANG_WARN_BOOL_CONVERSION = YES;
				CLANG_WARN_CONSTANT_CONVERSION = YES;
				CLANG_WARN_DIRECT_OBJC_ISA_USAGE = YES_ERROR;
				CLANG_WARN_EMPTY_BODY = YES;
				CLANG_WARN_ENUM_CONVERSION = YES;
				CLANG_WARN_INT_CONVERSION = YES;
				CLANG_WARN_OBJC_ROOT_CLASS = YES_ERROR;
				CLANG_WARN_UNREACHABLE_CODE = YES;
				CLANG_WARN__DUPLICATE_METHOD_MATCH = YES;
				COPY_PHASE_STRIP = NO;
				ENABLE_STRICT_OBJC_MSGSEND = YES;
				GCC_C_LANGUAGE_STANDARD = gnu99;
				GCC_DYNAMIC_NO_PIC = NO;
				GCC_OPTIMIZATION_LEVEL = 0;
				GCC_PREPROCESSOR_DEFINITIONS = (
					"DEBUG=1",
					"$(inherited)",
				);
				GCC_SYMBOLS_PRIVATE_EXTERN = NO;
				GCC_WARN_64_TO_32_BIT_CONVERSION = YES;
				GCC_WARN_ABOUT_RETURN_TYPE = YES_ERROR;
				GCC_WARN_UNDECLARED_SELECTOR = YES;
				GCC_WARN_UNINITIALIZED_AUTOS = YES_AGGRESSIVE;
				GCC_WARN_UNUSED_FUNCTION = YES;
				GCC_WARN_UNUSED_VARIABLE = YES;
				MACOSX_DEPLOYMENT_TARGET = 10.9;
				METAL_ENABLE_DEBUG_INFO = YES;
				ONLY_ACTIVE_ARCH = YES;
				SDKROOT = macosx;
			};
			name = Debug;
		};
		9570FBFC1946402A00D4DFF3 /* Release */ = {
			isa = XCBuildConfiguration;
			buildSettings = {
				ALWAYS_SEARCH_USER_PATHS = NO;
				CLANG_CXX_LANGUAGE_STANDARD = "gnu++0x";
				CLANG_CXX_LIBRARY = "libc++";
				CLANG_ENABLE_MODULES = YES;
				CLANG_ENABLE_OBJC_ARC = YES;
				CLANG_WARN_BOOL_CONVERSION = YES;
				CLANG_WARN_CONSTANT_CONVERSION = YES;
				CLANG_WARN_DIRECT_OBJC_ISA_USAGE = YES_ERROR;
				CLANG_WARN_EMPTY_BODY = YES;
				CLANG_WARN_ENUM_CONVERSION = YES;
				CLANG_WARN_INT_CONVERSION = YES;
				CLANG_WARN_OBJC_ROOT_CLASS = YES_ERROR;
				CLANG_WARN_UNREACHABLE_CODE = YES;
				CLANG_WARN__DUPLICATE_METHOD_MATCH = YES;
				COPY_PHASE_STRIP = YES;
				DEBUG_INFORMATION_FORMAT = "dwarf-with-dsym";
				ENABLE_NS_ASSERTIONS = NO;
				ENABLE_STRICT_OBJC_MSGSEND = YES;
				GCC_C_LANGUAGE_STANDARD = gnu99;
				GCC_WARN_64_TO_32_BIT_CONVERSION = YES;
				GCC_WARN_ABOUT_RETURN_TYPE = YES_ERROR;
				GCC_WARN_UNDECLARED_SELECTOR = YES;
				GCC_WARN_UNINITIALIZED_AUTOS = YES_AGGRESSIVE;
				GCC_WARN_UNUSED_FUNCTION = YES;
				GCC_WARN_UNUSED_VARIABLE = YES;
				MACOSX_DEPLOYMENT_TARGET = 10.9;
				METAL_ENABLE_DEBUG_INFO = NO;
				SDKROOT = macosx;
			};
			name = Release;
		};
		9570FBFE1946402A00D4DFF3 /* Debug */ = {
			isa = XCBuildConfiguration;
			buildSettings = {
				CLANG_ENABLE_MODULES = YES;
				DYLIB_COMPATIBILITY_VERSION = 1;
				DYLIB_CURRENT_VERSION = 1;
				EXECUTABLE_PREFIX = lib;
				LD_RUNPATH_SEARCH_PATHS = "$(inherited) @executable_path/../Frameworks @loader_path/../Frameworks";
				PRODUCT_NAME = Swiftest;
				SWIFT_INSTALL_OBJC_HEADER = NO;
				SWIFT_OBJC_BRIDGING_HEADER = "";
				SWIFT_OPTIMIZATION_LEVEL = "-Onone";
			};
			name = Debug;
		};
		9570FBFF1946402A00D4DFF3 /* Release */ = {
			isa = XCBuildConfiguration;
			buildSettings = {
				CLANG_ENABLE_MODULES = YES;
				DYLIB_COMPATIBILITY_VERSION = 1;
				DYLIB_CURRENT_VERSION = 1;
				EXECUTABLE_PREFIX = lib;
				LD_RUNPATH_SEARCH_PATHS = "$(inherited) @executable_path/../Frameworks @loader_path/../Frameworks";
				PRODUCT_NAME = Swiftest;
				SWIFT_INSTALL_OBJC_HEADER = NO;
				SWIFT_OBJC_BRIDGING_HEADER = "";
			};
			name = Release;
		};
		9570FC011946402A00D4DFF3 /* Debug */ = {
			isa = XCBuildConfiguration;
			buildSettings = {
				CLANG_ENABLE_MODULES = YES;
				COMBINE_HIDPI_IMAGES = YES;
				FRAMEWORK_SEARCH_PATHS = (
					"$(DEVELOPER_FRAMEWORKS_DIR)",
					"$(inherited)",
				);
				GCC_PREPROCESSOR_DEFINITIONS = (
					"DEBUG=1",
					"$(inherited)",
				);
				INFOPLIST_FILE = Swiftest/Test/Info.plist;
				LD_RUNPATH_SEARCH_PATHS = "$(inherited) @executable_path/../Frameworks @loader_path/../Frameworks";
				METAL_ENABLE_DEBUG_INFO = YES;
				PRODUCT_NAME = SwiftestTests;
				SWIFT_INSTALL_OBJC_HEADER = NO;
				SWIFT_OPTIMIZATION_LEVEL = "-Onone";
			};
			name = Debug;
		};
		9570FC021946402A00D4DFF3 /* Release */ = {
			isa = XCBuildConfiguration;
			buildSettings = {
				CLANG_ENABLE_MODULES = YES;
				COMBINE_HIDPI_IMAGES = YES;
				FRAMEWORK_SEARCH_PATHS = (
					"$(DEVELOPER_FRAMEWORKS_DIR)",
					"$(inherited)",
				);
				INFOPLIST_FILE = Swiftest/Test/Info.plist;
				LD_RUNPATH_SEARCH_PATHS = "$(inherited) @executable_path/../Frameworks @loader_path/../Frameworks";
				METAL_ENABLE_DEBUG_INFO = NO;
				PRODUCT_NAME = SwiftestTests;
				SWIFT_INSTALL_OBJC_HEADER = NO;
			};
			name = Release;
		};
/* End XCBuildConfiguration section */

/* Begin XCConfigurationList section */
		9570FBE41946402A00D4DFF3 /* Build configuration list for PBXProject "Swiftest" */ = {
			isa = XCConfigurationList;
			buildConfigurations = (
				9570FBFB1946402A00D4DFF3 /* Debug */,
				9570FBFC1946402A00D4DFF3 /* Release */,
			);
			defaultConfigurationIsVisible = 0;
			defaultConfigurationName = Release;
		};
		9570FBFD1946402A00D4DFF3 /* Build configuration list for PBXNativeTarget "Swiftest" */ = {
			isa = XCConfigurationList;
			buildConfigurations = (
				9570FBFE1946402A00D4DFF3 /* Debug */,
				9570FBFF1946402A00D4DFF3 /* Release */,
			);
			defaultConfigurationIsVisible = 0;
			defaultConfigurationName = Release;
		};
		9570FC001946402A00D4DFF3 /* Build configuration list for PBXNativeTarget "SwiftestTests" */ = {
			isa = XCConfigurationList;
			buildConfigurations = (
				9570FC011946402A00D4DFF3 /* Debug */,
				9570FC021946402A00D4DFF3 /* Release */,
			);
			defaultConfigurationIsVisible = 0;
			defaultConfigurationName = Release;
		};
/* End XCConfigurationList section */
	};
	rootObject = 9570FBE11946402A00D4DFF3 /* Project object */;
}
