// !$*UTF8*$!
{
	archiveVersion = 1;
	classes = {
	};
	objectVersion = 46;
	objects = {

/* Begin PBXBuildFile section */
		9540E3C819A58A0D0067ED15 /* AppDelegate.swift in Sources */ = {isa = PBXBuildFile; fileRef = 9540E3C719A58A0D0067ED15 /* AppDelegate.swift */; };
		9540E3CA19A58A0D0067ED15 /* ViewController.swift in Sources */ = {isa = PBXBuildFile; fileRef = 9540E3C919A58A0D0067ED15 /* ViewController.swift */; };
		9540E3CD19A58A0D0067ED15 /* Main.storyboard in Resources */ = {isa = PBXBuildFile; fileRef = 9540E3CB19A58A0D0067ED15 /* Main.storyboard */; };
		9540E3CF19A58A0D0067ED15 /* Images.xcassets in Resources */ = {isa = PBXBuildFile; fileRef = 9540E3CE19A58A0D0067ED15 /* Images.xcassets */; };
		9552946A19A598B5008BAE13 /* ViewController.swift in Sources */ = {isa = PBXBuildFile; fileRef = 9540E3C919A58A0D0067ED15 /* ViewController.swift */; };
		95E0B24D19A58AEE00B16D42 /* SwiftestController.swift in Sources */ = {isa = PBXBuildFile; fileRef = 95E0B24C19A58AEE00B16D42 /* SwiftestController.swift */; };
		95E0B24F19A58AEE00B16D42 /* AppDelegate.swift in Sources */ = {isa = PBXBuildFile; fileRef = 95E0B24E19A58AEE00B16D42 /* AppDelegate.swift */; };
		95E0B25219A58AEE00B16D42 /* Main.storyboard in Resources */ = {isa = PBXBuildFile; fileRef = 95E0B25019A58AEE00B16D42 /* Main.storyboard */; };
		95E0B25419A58AEE00B16D42 /* Images.xcassets in Resources */ = {isa = PBXBuildFile; fileRef = 95E0B25319A58AEE00B16D42 /* Images.xcassets */; };
		95E0B25919A58B2700B16D42 /* MobileSpec.swift in Sources */ = {isa = PBXBuildFile; fileRef = 95E0B25819A58B2700B16D42 /* MobileSpec.swift */; };
/* End PBXBuildFile section */

/* Begin PBXFileReference section */
		9540E3C219A58A0D0067ED15 /* SampleMobile.app */ = {isa = PBXFileReference; explicitFileType = wrapper.application; includeInIndex = 0; path = SampleMobile.app; sourceTree = BUILT_PRODUCTS_DIR; };
		9540E3C619A58A0D0067ED15 /* Info.plist */ = {isa = PBXFileReference; lastKnownFileType = text.plist.xml; path = Info.plist; sourceTree = "<group>"; };
		9540E3C719A58A0D0067ED15 /* AppDelegate.swift */ = {isa = PBXFileReference; lastKnownFileType = sourcecode.swift; path = AppDelegate.swift; sourceTree = "<group>"; };
		9540E3C919A58A0D0067ED15 /* ViewController.swift */ = {isa = PBXFileReference; lastKnownFileType = sourcecode.swift; path = ViewController.swift; sourceTree = "<group>"; };
		9540E3CC19A58A0D0067ED15 /* Base */ = {isa = PBXFileReference; lastKnownFileType = file.storyboard; name = Base; path = Base.lproj/Main.storyboard; sourceTree = "<group>"; };
		9540E3CE19A58A0D0067ED15 /* Images.xcassets */ = {isa = PBXFileReference; lastKnownFileType = folder.assetcatalog; path = Images.xcassets; sourceTree = "<group>"; };
		95E0B24719A58AEE00B16D42 /* MobileSpecs.app */ = {isa = PBXFileReference; explicitFileType = wrapper.application; includeInIndex = 0; path = MobileSpecs.app; sourceTree = BUILT_PRODUCTS_DIR; };
		95E0B24A19A58AEE00B16D42 /* Info.plist */ = {isa = PBXFileReference; lastKnownFileType = text.plist.xml; path = Info.plist; sourceTree = "<group>"; };
		95E0B24C19A58AEE00B16D42 /* SwiftestController.swift */ = {isa = PBXFileReference; lastKnownFileType = sourcecode.swift; name = SwiftestController.swift; path = Support/SwiftestController.swift; sourceTree = "<group>"; };
		95E0B24E19A58AEE00B16D42 /* AppDelegate.swift */ = {isa = PBXFileReference; lastKnownFileType = sourcecode.swift; name = AppDelegate.swift; path = Support/AppDelegate.swift; sourceTree = "<group>"; };
		95E0B25119A58AEE00B16D42 /* Base */ = {isa = PBXFileReference; lastKnownFileType = file.storyboard; name = Base; path = Base.lproj/Main.storyboard; sourceTree = "<group>"; };
		95E0B25319A58AEE00B16D42 /* Images.xcassets */ = {isa = PBXFileReference; lastKnownFileType = folder.assetcatalog; path = Images.xcassets; sourceTree = "<group>"; };
		95E0B25819A58B2700B16D42 /* MobileSpec.swift */ = {isa = PBXFileReference; fileEncoding = 4; lastKnownFileType = sourcecode.swift; path = MobileSpec.swift; sourceTree = "<group>"; };
/* End PBXFileReference section */

/* Begin PBXFrameworksBuildPhase section */
		9540E3BF19A58A0D0067ED15 /* Frameworks */ = {
			isa = PBXFrameworksBuildPhase;
			buildActionMask = 2147483647;
			files = (
			);
			runOnlyForDeploymentPostprocessing = 0;
		};
		95E0B24419A58AEE00B16D42 /* Frameworks */ = {
			isa = PBXFrameworksBuildPhase;
			buildActionMask = 2147483647;
			files = (
			);
			runOnlyForDeploymentPostprocessing = 0;
		};
/* End PBXFrameworksBuildPhase section */

/* Begin PBXGroup section */
		9540E3B919A58A0D0067ED15 = {
			isa = PBXGroup;
			children = (
				9540E3C419A58A0D0067ED15 /* SampleMobile */,
				95E0B24819A58AEE00B16D42 /* MobileSpecs */,
				9540E3C319A58A0D0067ED15 /* Products */,
			);
			sourceTree = "<group>";
		};
		9540E3C319A58A0D0067ED15 /* Products */ = {
			isa = PBXGroup;
			children = (
				9540E3C219A58A0D0067ED15 /* SampleMobile.app */,
				95E0B24719A58AEE00B16D42 /* MobileSpecs.app */,
			);
			name = Products;
			sourceTree = "<group>";
		};
		9540E3C419A58A0D0067ED15 /* SampleMobile */ = {
			isa = PBXGroup;
			children = (
				9540E3C719A58A0D0067ED15 /* AppDelegate.swift */,
				9540E3C919A58A0D0067ED15 /* ViewController.swift */,
				9540E3CB19A58A0D0067ED15 /* Main.storyboard */,
				9540E3CE19A58A0D0067ED15 /* Images.xcassets */,
				9540E3C519A58A0D0067ED15 /* Supporting Files */,
			);
			path = SampleMobile;
			sourceTree = "<group>";
		};
		9540E3C519A58A0D0067ED15 /* Supporting Files */ = {
			isa = PBXGroup;
			children = (
				9540E3C619A58A0D0067ED15 /* Info.plist */,
			);
			name = "Supporting Files";
			sourceTree = "<group>";
		};
		95E0B24819A58AEE00B16D42 /* MobileSpecs */ = {
			isa = PBXGroup;
			children = (
				95E0B25319A58AEE00B16D42 /* Images.xcassets */,
				95E0B24B19A58AEE00B16D42 /* Support */,
				95E0B24919A58AEE00B16D42 /* Supporting Files */,
				95E0B25819A58B2700B16D42 /* MobileSpec.swift */,
			);
			path = MobileSpecs;
			sourceTree = "<group>";
		};
		95E0B24919A58AEE00B16D42 /* Supporting Files */ = {
			isa = PBXGroup;
			children = (
				95E0B24A19A58AEE00B16D42 /* Info.plist */,
			);
			name = "Supporting Files";
			sourceTree = "<group>";
		};
		95E0B24B19A58AEE00B16D42 /* Support */ = {
			isa = PBXGroup;
			children = (
				95E0B24C19A58AEE00B16D42 /* SwiftestController.swift */,
				95E0B24E19A58AEE00B16D42 /* AppDelegate.swift */,
				95E0B25019A58AEE00B16D42 /* Main.storyboard */,
			);
			name = Support;
			sourceTree = "<group>";
		};
/* End PBXGroup section */

/* Begin PBXNativeTarget section */
		9540E3C119A58A0D0067ED15 /* SampleMobile */ = {
			isa = PBXNativeTarget;
			buildConfigurationList = 9540E3DE19A58A0D0067ED15 /* Build configuration list for PBXNativeTarget "SampleMobile" */;
			buildPhases = (
				9540E3BE19A58A0D0067ED15 /* Sources */,
				9540E3BF19A58A0D0067ED15 /* Frameworks */,
				9540E3C019A58A0D0067ED15 /* Resources */,
			);
			buildRules = (
			);
			dependencies = (
			);
			name = SampleMobile;
			productName = SampleMobile;
			productReference = 9540E3C219A58A0D0067ED15 /* SampleMobile.app */;
			productType = "com.apple.product-type.application";
		};
		95E0B24619A58AEE00B16D42 /* MobileSpecs */ = {
			isa = PBXNativeTarget;
			buildConfigurationList = 95E0B25519A58AEE00B16D42 /* Build configuration list for PBXNativeTarget "MobileSpecs" */;
			buildPhases = (
				95E0B24319A58AEE00B16D42 /* Sources */,
				95E0B24419A58AEE00B16D42 /* Frameworks */,
				95E0B24519A58AEE00B16D42 /* Resources */,
			);
			buildRules = (
			);
			dependencies = (
			);
			name = MobileSpecs;
			productName = MobileSpecs;
			productReference = 95E0B24719A58AEE00B16D42 /* MobileSpecs.app */;
			productType = "com.apple.product-type.application";
		};
/* End PBXNativeTarget section */

/* Begin PBXProject section */
		9540E3BA19A58A0D0067ED15 /* Project object */ = {
			isa = PBXProject;
			attributes = {
				LastUpgradeCheck = 0600;
				ORGANIZATIONNAME = "Brian Pratt";
				TargetAttributes = {
					9540E3C119A58A0D0067ED15 = {
						CreatedOnToolsVersion = 6.0;
					};
					95E0B24619A58AEE00B16D42 = {
						CreatedOnToolsVersion = 6.0;
					};
				};
			};
			buildConfigurationList = 9540E3BD19A58A0D0067ED15 /* Build configuration list for PBXProject "SampleMobile" */;
			compatibilityVersion = "Xcode 3.2";
			developmentRegion = English;
			hasScannedForEncodings = 0;
			knownRegions = (
				en,
				Base,
			);
			mainGroup = 9540E3B919A58A0D0067ED15;
			productRefGroup = 9540E3C319A58A0D0067ED15 /* Products */;
			projectDirPath = "";
			projectRoot = "";
			targets = (
				9540E3C119A58A0D0067ED15 /* SampleMobile */,
				95E0B24619A58AEE00B16D42 /* MobileSpecs */,
			);
		};
/* End PBXProject section */

/* Begin PBXResourcesBuildPhase section */
		9540E3C019A58A0D0067ED15 /* Resources */ = {
			isa = PBXResourcesBuildPhase;
			buildActionMask = 2147483647;
			files = (
				9540E3CD19A58A0D0067ED15 /* Main.storyboard in Resources */,
				9540E3CF19A58A0D0067ED15 /* Images.xcassets in Resources */,
			);
			runOnlyForDeploymentPostprocessing = 0;
		};
		95E0B24519A58AEE00B16D42 /* Resources */ = {
			isa = PBXResourcesBuildPhase;
			buildActionMask = 2147483647;
			files = (
				95E0B25219A58AEE00B16D42 /* Main.storyboard in Resources */,
				95E0B25419A58AEE00B16D42 /* Images.xcassets in Resources */,
			);
			runOnlyForDeploymentPostprocessing = 0;
		};
/* End PBXResourcesBuildPhase section */

/* Begin PBXSourcesBuildPhase section */
		9540E3BE19A58A0D0067ED15 /* Sources */ = {
			isa = PBXSourcesBuildPhase;
			buildActionMask = 2147483647;
			files = (
				9540E3CA19A58A0D0067ED15 /* ViewController.swift in Sources */,
				9540E3C819A58A0D0067ED15 /* AppDelegate.swift in Sources */,
			);
			runOnlyForDeploymentPostprocessing = 0;
		};
		95E0B24319A58AEE00B16D42 /* Sources */ = {
			isa = PBXSourcesBuildPhase;
			buildActionMask = 2147483647;
			files = (
				9552946A19A598B5008BAE13 /* ViewController.swift in Sources */,
				95E0B24F19A58AEE00B16D42 /* AppDelegate.swift in Sources */,
				95E0B24D19A58AEE00B16D42 /* SwiftestController.swift in Sources */,
				95E0B25919A58B2700B16D42 /* MobileSpec.swift in Sources */,
			);
			runOnlyForDeploymentPostprocessing = 0;
		};
/* End PBXSourcesBuildPhase section */

/* Begin PBXVariantGroup section */
		9540E3CB19A58A0D0067ED15 /* Main.storyboard */ = {
			isa = PBXVariantGroup;
			children = (
				9540E3CC19A58A0D0067ED15 /* Base */,
			);
			name = Main.storyboard;
			sourceTree = "<group>";
		};
		95E0B25019A58AEE00B16D42 /* Main.storyboard */ = {
			isa = PBXVariantGroup;
			children = (
				95E0B25119A58AEE00B16D42 /* Base */,
			);
			name = Main.storyboard;
			sourceTree = "<group>";
		};
/* End PBXVariantGroup section */

/* Begin XCBuildConfiguration section */
		9540E3DC19A58A0D0067ED15 /* Debug */ = {
			isa = XCBuildConfiguration;
			buildSettings = {
				ALWAYS_SEARCH_USER_PATHS = NO;
				CLANG_CXX_LANGUAGE_STANDARD = "gnu++0x";
				CLANG_CXX_LIBRARY = "libc++";
				CLANG_ENABLE_MODULES = YES;
				CLANG_ENABLE_OBJC_ARC = YES;
				CLANG_WARN_BOOL_CONVERSION = YES;
				CLANG_WARN_CONSTANT_CONVERSION = YES;
				CLANG_WARN_DIRECT_OBJC_ISA_USAGE = YES_ERROR;
				CLANG_WARN_EMPTY_BODY = YES;
				CLANG_WARN_ENUM_CONVERSION = YES;
				CLANG_WARN_INT_CONVERSION = YES;
				CLANG_WARN_OBJC_ROOT_CLASS = YES_ERROR;
				CLANG_WARN_UNREACHABLE_CODE = YES;
				CLANG_WARN__DUPLICATE_METHOD_MATCH = YES;
				"CODE_SIGN_IDENTITY[sdk=iphoneos*]" = "iPhone Developer";
				COPY_PHASE_STRIP = NO;
				ENABLE_STRICT_OBJC_MSGSEND = YES;
				GCC_C_LANGUAGE_STANDARD = gnu99;
				GCC_DYNAMIC_NO_PIC = NO;
				GCC_OPTIMIZATION_LEVEL = 0;
				GCC_PREPROCESSOR_DEFINITIONS = (
					"DEBUG=1",
					"$(inherited)",
				);
				GCC_SYMBOLS_PRIVATE_EXTERN = NO;
				GCC_WARN_64_TO_32_BIT_CONVERSION = YES;
				GCC_WARN_ABOUT_RETURN_TYPE = YES_ERROR;
				GCC_WARN_UNDECLARED_SELECTOR = YES;
				GCC_WARN_UNINITIALIZED_AUTOS = YES_AGGRESSIVE;
				GCC_WARN_UNUSED_FUNCTION = YES;
				GCC_WARN_UNUSED_VARIABLE = YES;
				IPHONEOS_DEPLOYMENT_TARGET = 8.0;
				MTL_ENABLE_DEBUG_INFO = YES;
				ONLY_ACTIVE_ARCH = YES;
				SDKROOT = iphoneos;
				SWIFT_OPTIMIZATION_LEVEL = "-Onone";
				TARGETED_DEVICE_FAMILY = "1,2";
			};
			name = Debug;
		};
		9540E3DD19A58A0D0067ED15 /* Release */ = {
			isa = XCBuildConfiguration;
			buildSettings = {
				ALWAYS_SEARCH_USER_PATHS = NO;
				CLANG_CXX_LANGUAGE_STANDARD = "gnu++0x";
				CLANG_CXX_LIBRARY = "libc++";
				CLANG_ENABLE_MODULES = YES;
				CLANG_ENABLE_OBJC_ARC = YES;
				CLANG_WARN_BOOL_CONVERSION = YES;
				CLANG_WARN_CONSTANT_CONVERSION = YES;
				CLANG_WARN_DIRECT_OBJC_ISA_USAGE = YES_ERROR;
				CLANG_WARN_EMPTY_BODY = YES;
				CLANG_WARN_ENUM_CONVERSION = YES;
				CLANG_WARN_INT_CONVERSION = YES;
				CLANG_WARN_OBJC_ROOT_CLASS = YES_ERROR;
				CLANG_WARN_UNREACHABLE_CODE = YES;
				CLANG_WARN__DUPLICATE_METHOD_MATCH = YES;
				"CODE_SIGN_IDENTITY[sdk=iphoneos*]" = "iPhone Developer";
				COPY_PHASE_STRIP = YES;
				ENABLE_NS_ASSERTIONS = NO;
				ENABLE_STRICT_OBJC_MSGSEND = YES;
				GCC_C_LANGUAGE_STANDARD = gnu99;
				GCC_WARN_64_TO_32_BIT_CONVERSION = YES;
				GCC_WARN_ABOUT_RETURN_TYPE = YES_ERROR;
				GCC_WARN_UNDECLARED_SELECTOR = YES;
				GCC_WARN_UNINITIALIZED_AUTOS = YES_AGGRESSIVE;
				GCC_WARN_UNUSED_FUNCTION = YES;
				GCC_WARN_UNUSED_VARIABLE = YES;
				IPHONEOS_DEPLOYMENT_TARGET = 8.0;
				MTL_ENABLE_DEBUG_INFO = NO;
				SDKROOT = iphoneos;
				TARGETED_DEVICE_FAMILY = "1,2";
				VALIDATE_PRODUCT = YES;
			};
			name = Release;
		};
		9540E3DF19A58A0D0067ED15 /* Debug */ = {
			isa = XCBuildConfiguration;
			buildSettings = {
				ASSETCATALOG_COMPILER_APPICON_NAME = AppIcon;
				ASSETCATALOG_COMPILER_LAUNCHIMAGE_NAME = LaunchImage;
				DEFINES_MODULE = YES;
				INFOPLIST_FILE = SampleMobile/Info.plist;
				LD_RUNPATH_SEARCH_PATHS = "$(inherited) @executable_path/Frameworks";
				PRODUCT_NAME = "$(TARGET_NAME)";
			};
			name = Debug;
		};
		9540E3E019A58A0D0067ED15 /* Release */ = {
			isa = XCBuildConfiguration;
			buildSettings = {
				ASSETCATALOG_COMPILER_APPICON_NAME = AppIcon;
				ASSETCATALOG_COMPILER_LAUNCHIMAGE_NAME = LaunchImage;
				DEFINES_MODULE = YES;
				INFOPLIST_FILE = SampleMobile/Info.plist;
				LD_RUNPATH_SEARCH_PATHS = "$(inherited) @executable_path/Frameworks";
				PRODUCT_NAME = "$(TARGET_NAME)";
			};
			name = Release;
		};
		95E0B25619A58AEE00B16D42 /* Debug */ = {
			isa = XCBuildConfiguration;
			buildSettings = {
				ASSETCATALOG_COMPILER_APPICON_NAME = AppIcon;
				ASSETCATALOG_COMPILER_LAUNCHIMAGE_NAME = LaunchImage;
				GCC_PREPROCESSOR_DEFINITIONS = (
					"DEBUG=1",
					"$(inherited)",
				);
				INFOPLIST_FILE = MobileSpecs/Info.plist;
				LD_RUNPATH_SEARCH_PATHS = "$(inherited) @executable_path/Frameworks";
				PRODUCT_NAME = "$(TARGET_NAME)";
			};
			name = Debug;
		};
		95E0B25719A58AEE00B16D42 /* Release */ = {
			isa = XCBuildConfiguration;
			buildSettings = {
				ASSETCATALOG_COMPILER_APPICON_NAME = AppIcon;
				ASSETCATALOG_COMPILER_LAUNCHIMAGE_NAME = LaunchImage;
				INFOPLIST_FILE = MobileSpecs/Info.plist;
				LD_RUNPATH_SEARCH_PATHS = "$(inherited) @executable_path/Frameworks";
				PRODUCT_NAME = "$(TARGET_NAME)";
			};
			name = Release;
		};
/* End XCBuildConfiguration section */

/* Begin XCConfigurationList section */
		9540E3BD19A58A0D0067ED15 /* Build configuration list for PBXProject "SampleMobile" */ = {
			isa = XCConfigurationList;
			buildConfigurations = (
				9540E3DC19A58A0D0067ED15 /* Debug */,
				9540E3DD19A58A0D0067ED15 /* Release */,
			);
			defaultConfigurationIsVisible = 0;
			defaultConfigurationName = Release;
		};
		9540E3DE19A58A0D0067ED15 /* Build configuration list for PBXNativeTarget "SampleMobile" */ = {
			isa = XCConfigurationList;
			buildConfigurations = (
				9540E3DF19A58A0D0067ED15 /* Debug */,
				9540E3E019A58A0D0067ED15 /* Release */,
			);
			defaultConfigurationIsVisible = 0;
			defaultConfigurationName = Release;
		};
		95E0B25519A58AEE00B16D42 /* Build configuration list for PBXNativeTarget "MobileSpecs" */ = {
			isa = XCConfigurationList;
			buildConfigurations = (
				95E0B25619A58AEE00B16D42 /* Debug */,
				95E0B25719A58AEE00B16D42 /* Release */,
			);
			defaultConfigurationIsVisible = 0;
			defaultConfigurationName = Release;
		};
/* End XCConfigurationList section */
	};
	rootObject = 9540E3BA19A58A0D0067ED15 /* Project object */;
}
