// !$*UTF8*$!
{
	archiveVersion = 1;
	classes = {
	};
	objectVersion = 46;
	objects = {

/* Begin PBXAggregateTarget section */
		958C71B3194F9F7200C92ED3 /* SwiftestMain */ = {
			isa = PBXAggregateTarget;
			buildConfigurationList = 958C71B4194F9F7200C92ED3 /* Build configuration list for PBXAggregateTarget "SwiftestMain" */;
			buildPhases = (
				958C71B7194F9F7600C92ED3 /* Generate Swiftest "main.swift" File */,
			);
			dependencies = (
			);
			name = SwiftestMain;
			productName = SwiftestMain;
		};
/* End PBXAggregateTarget section */

/* Begin PBXBuildFile section */
		95774470194EA39A00DE21B8 /* Person.swift in Sources */ = {isa = PBXBuildFile; fileRef = 9577446F194EA39A00DE21B8 /* Person.swift */; };
		95774473194EA40B00DE21B8 /* libSwiftest.dylib in Frameworks */ = {isa = PBXBuildFile; fileRef = 95774472194EA40B00DE21B8 /* libSwiftest.dylib */; };
		95774474194EA40F00DE21B8 /* libExample.dylib in Frameworks */ = {isa = PBXBuildFile; fileRef = 95774445194EA29200DE21B8 /* libExample.dylib */; };
		9577447B194EA6B100DE21B8 /* PersonSpec.swift in Sources */ = {isa = PBXBuildFile; fileRef = 95774479194EA6B100DE21B8 /* PersonSpec.swift */; };
		9577447C194EA6B100DE21B8 /* SwiftestSpec.swift in Sources */ = {isa = PBXBuildFile; fileRef = 9577447A194EA6B100DE21B8 /* SwiftestSpec.swift */; };
		958C71BC194FA13B00C92ED3 /* main.swift in Sources */ = {isa = PBXBuildFile; fileRef = 958C71BA194FA12400C92ED3 /* main.swift */; };
/* End PBXBuildFile section */

/* Begin PBXContainerItemProxy section */
		95774475194EA41500DE21B8 /* PBXContainerItemProxy */ = {
			isa = PBXContainerItemProxy;
			containerPortal = 9577443D194EA29200DE21B8 /* Project object */;
			proxyType = 1;
			remoteGlobalIDString = 95774444194EA29200DE21B8;
			remoteInfo = Example;
		};
		958C71B8194F9FD100C92ED3 /* PBXContainerItemProxy */ = {
			isa = PBXContainerItemProxy;
			containerPortal = 9577443D194EA29200DE21B8 /* Project object */;
			proxyType = 1;
			remoteGlobalIDString = 958C71B3194F9F7200C92ED3;
			remoteInfo = SwiftestMain;
		};
/* End PBXContainerItemProxy section */

/* Begin PBXCopyFilesBuildPhase section */
		95774462194EA2E800DE21B8 /* CopyFiles */ = {
			isa = PBXCopyFilesBuildPhase;
			buildActionMask = 2147483647;
			dstPath = /usr/share/man/man1/;
			dstSubfolderSpec = 0;
			files = (
			);
			runOnlyForDeploymentPostprocessing = 1;
		};
/* End PBXCopyFilesBuildPhase section */

/* Begin PBXFileReference section */
		95774445194EA29200DE21B8 /* libExample.dylib */ = {isa = PBXFileReference; explicitFileType = "compiled.mach-o.dylib"; includeInIndex = 0; path = libExample.dylib; sourceTree = BUILT_PRODUCTS_DIR; };
		95774464194EA2E800DE21B8 /* ExampleSpecs */ = {isa = PBXFileReference; explicitFileType = "compiled.mach-o.executable"; includeInIndex = 0; path = ExampleSpecs; sourceTree = BUILT_PRODUCTS_DIR; };
		9577446F194EA39A00DE21B8 /* Person.swift */ = {isa = PBXFileReference; fileEncoding = 4; lastKnownFileType = sourcecode.swift; path = Person.swift; sourceTree = "<group>"; };
		95774472194EA40B00DE21B8 /* libSwiftest.dylib */ = {isa = PBXFileReference; lastKnownFileType = "compiled.mach-o.dylib"; name = libSwiftest.dylib; path = "../../../../Library/Developer/Xcode/DerivedData/Swiftest-cfbpzcdigcqbrmdzkiyzlbnjozgg/Build/Products/Debug/libSwiftest.dylib"; sourceTree = "<group>"; };
		95774479194EA6B100DE21B8 /* PersonSpec.swift */ = {isa = PBXFileReference; fileEncoding = 4; lastKnownFileType = sourcecode.swift; name = PersonSpec.swift; path = ExampleSpecs/PersonSpec.swift; sourceTree = "<group>"; };
		9577447A194EA6B100DE21B8 /* SwiftestSpec.swift */ = {isa = PBXFileReference; fileEncoding = 4; lastKnownFileType = sourcecode.swift; name = SwiftestSpec.swift; path = ExampleSpecs/SwiftestSpec.swift; sourceTree = "<group>"; };
		958C71BA194FA12400C92ED3 /* main.swift */ = {isa = PBXFileReference; fileEncoding = 4; lastKnownFileType = sourcecode.swift; name = main.swift; path = ExampleSpecs/main.swift; sourceTree = "<group>"; };
/* End PBXFileReference section */

/* Begin PBXFrameworksBuildPhase section */
		95774442194EA29200DE21B8 /* Frameworks */ = {
			isa = PBXFrameworksBuildPhase;
			buildActionMask = 2147483647;
			files = (
			);
			runOnlyForDeploymentPostprocessing = 0;
		};
		95774461194EA2E800DE21B8 /* Frameworks */ = {
			isa = PBXFrameworksBuildPhase;
			buildActionMask = 2147483647;
			files = (
				95774474194EA40F00DE21B8 /* libExample.dylib in Frameworks */,
				95774473194EA40B00DE21B8 /* libSwiftest.dylib in Frameworks */,
			);
			runOnlyForDeploymentPostprocessing = 0;
		};
/* End PBXFrameworksBuildPhase section */

/* Begin PBXGroup section */
		9577443C194EA29200DE21B8 = {
			isa = PBXGroup;
			children = (
				95774472194EA40B00DE21B8 /* libSwiftest.dylib */,
				95774447194EA29200DE21B8 /* Example */,
				9577445F194EA2BF00DE21B8 /* ExampleSpecs */,
				95774446194EA29200DE21B8 /* Products */,
			);
			sourceTree = "<group>";
		};
		95774446194EA29200DE21B8 /* Products */ = {
			isa = PBXGroup;
			children = (
				95774445194EA29200DE21B8 /* libExample.dylib */,
				95774464194EA2E800DE21B8 /* ExampleSpecs */,
			);
			name = Products;
			sourceTree = "<group>";
		};
		95774447194EA29200DE21B8 /* Example */ = {
			isa = PBXGroup;
			children = (
				9577446F194EA39A00DE21B8 /* Person.swift */,
			);
			path = Example;
			sourceTree = "<group>";
		};
		9577445F194EA2BF00DE21B8 /* ExampleSpecs */ = {
			isa = PBXGroup;
			children = (
				958C71BA194FA12400C92ED3 /* main.swift */,
				95774479194EA6B100DE21B8 /* PersonSpec.swift */,
				9577447A194EA6B100DE21B8 /* SwiftestSpec.swift */,
			);
			name = ExampleSpecs;
			sourceTree = "<group>";
		};
/* End PBXGroup section */

/* Begin PBXHeadersBuildPhase section */
		95774443194EA29200DE21B8 /* Headers */ = {
			isa = PBXHeadersBuildPhase;
			buildActionMask = 2147483647;
			files = (
			);
			runOnlyForDeploymentPostprocessing = 0;
		};
/* End PBXHeadersBuildPhase section */

/* Begin PBXNativeTarget section */
		95774444194EA29200DE21B8 /* Example */ = {
			isa = PBXNativeTarget;
			buildConfigurationList = 95774459194EA29200DE21B8 /* Build configuration list for PBXNativeTarget "Example" */;
			buildPhases = (
				95774441194EA29200DE21B8 /* Sources */,
				95774442194EA29200DE21B8 /* Frameworks */,
				95774443194EA29200DE21B8 /* Headers */,
			);
			buildRules = (
			);
			dependencies = (
			);
			name = Example;
			productName = Example;
			productReference = 95774445194EA29200DE21B8 /* libExample.dylib */;
			productType = "com.apple.product-type.library.dynamic";
		};
		95774463194EA2E800DE21B8 /* ExampleSpecs */ = {
			isa = PBXNativeTarget;
			buildConfigurationList = 95774468194EA2E900DE21B8 /* Build configuration list for PBXNativeTarget "ExampleSpecs" */;
			buildPhases = (
				95774460194EA2E800DE21B8 /* Sources */,
				95774461194EA2E800DE21B8 /* Frameworks */,
				95774462194EA2E800DE21B8 /* CopyFiles */,
			);
			buildRules = (
			);
			dependencies = (
				958C71B9194F9FD100C92ED3 /* PBXTargetDependency */,
				95774476194EA41500DE21B8 /* PBXTargetDependency */,
			);
			name = ExampleSpecs;
			productName = ExampleSpecs;
			productReference = 95774464194EA2E800DE21B8 /* ExampleSpecs */;
			productType = "com.apple.product-type.tool";
		};
/* End PBXNativeTarget section */

/* Begin PBXProject section */
		9577443D194EA29200DE21B8 /* Project object */ = {
			isa = PBXProject;
			attributes = {
				LastUpgradeCheck = 0600;
				ORGANIZATIONNAME = Swiftest;
				TargetAttributes = {
					95774444194EA29200DE21B8 = {
						CreatedOnToolsVersion = 6.0;
					};
					95774463194EA2E800DE21B8 = {
						CreatedOnToolsVersion = 6.0;
					};
					958C71B3194F9F7200C92ED3 = {
						CreatedOnToolsVersion = 6.0;
					};
				};
			};
			buildConfigurationList = 95774440194EA29200DE21B8 /* Build configuration list for PBXProject "Example" */;
			compatibilityVersion = "Xcode 3.2";
			developmentRegion = English;
			hasScannedForEncodings = 0;
			knownRegions = (
				en,
			);
			mainGroup = 9577443C194EA29200DE21B8;
			productRefGroup = 95774446194EA29200DE21B8 /* Products */;
			projectDirPath = "";
			projectRoot = "";
			targets = (
				95774444194EA29200DE21B8 /* Example */,
				95774463194EA2E800DE21B8 /* ExampleSpecs */,
				958C71B3194F9F7200C92ED3 /* SwiftestMain */,
			);
		};
/* End PBXProject section */

/* Begin PBXShellScriptBuildPhase section */
		958C71B7194F9F7600C92ED3 /* Generate Swiftest "main.swift" File */ = {
			isa = PBXShellScriptBuildPhase;
			buildActionMask = 2147483647;
			files = (
			);
			inputPaths = (
			);
			name = "Generate Swiftest \"main.swift\" File";
			outputPaths = (
			);
			runOnlyForDeploymentPostprocessing = 0;
			shellPath = /bin/sh;
			shellScript = "function _join { local IFS=\"$1\"; shift; echo \"$*\"; }\n\nSWIFTEST_ROOT=\"$SRCROOT/ExampleSpecs\"\n\nSPEC_CLASSES=`find \"$SWIFTEST_ROOT\" -name *[sS]pec.swift | sed 's!.*/!!' | sed 's!\\.swift!()!'`\nSPECS=`_join \", \" $SPEC_CLASSES`\nSWIFTEST_MAIN=\"$SWIFTEST_ROOT/main.swift\"\n\necho -e \"import Swiftest\\n\\n\\\nSwiftest.reporter.addListener(Swiftest.ConsoleListener())\\n\\\nSwiftest.register([\\n  $SPECS\\n])\\n\\n\\\nSwiftest.run()\" > $SWIFTEST_MAIN";
		};
/* End PBXShellScriptBuildPhase section */

/* Begin PBXSourcesBuildPhase section */
		95774441194EA29200DE21B8 /* Sources */ = {
			isa = PBXSourcesBuildPhase;
			buildActionMask = 2147483647;
			files = (
				95774470194EA39A00DE21B8 /* Person.swift in Sources */,
			);
			runOnlyForDeploymentPostprocessing = 0;
		};
		95774460194EA2E800DE21B8 /* Sources */ = {
			isa = PBXSourcesBuildPhase;
			buildActionMask = 2147483647;
			files = (
				958C71BC194FA13B00C92ED3 /* main.swift in Sources */,
				9577447B194EA6B100DE21B8 /* PersonSpec.swift in Sources */,
				9577447C194EA6B100DE21B8 /* SwiftestSpec.swift in Sources */,
			);
			runOnlyForDeploymentPostprocessing = 0;
		};
/* End PBXSourcesBuildPhase section */

/* Begin PBXTargetDependency section */
		95774476194EA41500DE21B8 /* PBXTargetDependency */ = {
			isa = PBXTargetDependency;
			target = 95774444194EA29200DE21B8 /* Example */;
			targetProxy = 95774475194EA41500DE21B8 /* PBXContainerItemProxy */;
		};
		958C71B9194F9FD100C92ED3 /* PBXTargetDependency */ = {
			isa = PBXTargetDependency;
			target = 958C71B3194F9F7200C92ED3 /* SwiftestMain */;
			targetProxy = 958C71B8194F9FD100C92ED3 /* PBXContainerItemProxy */;
		};
/* End PBXTargetDependency section */

/* Begin XCBuildConfiguration section */
		95774457194EA29200DE21B8 /* Debug */ = {
			isa = XCBuildConfiguration;
			buildSettings = {
				ALWAYS_SEARCH_USER_PATHS = NO;
				CLANG_CXX_LANGUAGE_STANDARD = "gnu++0x";
				CLANG_CXX_LIBRARY = "libc++";
				CLANG_ENABLE_MODULES = YES;
				CLANG_ENABLE_OBJC_ARC = YES;
				CLANG_WARN_BOOL_CONVERSION = YES;
				CLANG_WARN_CONSTANT_CONVERSION = YES;
				CLANG_WARN_DIRECT_OBJC_ISA_USAGE = YES_ERROR;
				CLANG_WARN_EMPTY_BODY = YES;
				CLANG_WARN_ENUM_CONVERSION = YES;
				CLANG_WARN_INT_CONVERSION = YES;
				CLANG_WARN_OBJC_ROOT_CLASS = YES_ERROR;
				CLANG_WARN_UNREACHABLE_CODE = YES;
				CLANG_WARN__DUPLICATE_METHOD_MATCH = YES;
				COPY_PHASE_STRIP = NO;
				ENABLE_STRICT_OBJC_MSGSEND = YES;
				GCC_C_LANGUAGE_STANDARD = gnu99;
				GCC_DYNAMIC_NO_PIC = NO;
				GCC_OPTIMIZATION_LEVEL = 0;
				GCC_PREPROCESSOR_DEFINITIONS = (
					"DEBUG=1",
					"$(inherited)",
				);
				GCC_SYMBOLS_PRIVATE_EXTERN = NO;
				GCC_WARN_64_TO_32_BIT_CONVERSION = YES;
				GCC_WARN_ABOUT_RETURN_TYPE = YES_ERROR;
				GCC_WARN_UNDECLARED_SELECTOR = YES;
				GCC_WARN_UNINITIALIZED_AUTOS = YES_AGGRESSIVE;
				GCC_WARN_UNUSED_FUNCTION = YES;
				GCC_WARN_UNUSED_VARIABLE = YES;
				MACOSX_DEPLOYMENT_TARGET = 10.9;
				METAL_ENABLE_DEBUG_INFO = YES;
				ONLY_ACTIVE_ARCH = YES;
				SDKROOT = macosx;
			};
			name = Debug;
		};
		95774458194EA29200DE21B8 /* Release */ = {
			isa = XCBuildConfiguration;
			buildSettings = {
				ALWAYS_SEARCH_USER_PATHS = NO;
				CLANG_CXX_LANGUAGE_STANDARD = "gnu++0x";
				CLANG_CXX_LIBRARY = "libc++";
				CLANG_ENABLE_MODULES = YES;
				CLANG_ENABLE_OBJC_ARC = YES;
				CLANG_WARN_BOOL_CONVERSION = YES;
				CLANG_WARN_CONSTANT_CONVERSION = YES;
				CLANG_WARN_DIRECT_OBJC_ISA_USAGE = YES_ERROR;
				CLANG_WARN_EMPTY_BODY = YES;
				CLANG_WARN_ENUM_CONVERSION = YES;
				CLANG_WARN_INT_CONVERSION = YES;
				CLANG_WARN_OBJC_ROOT_CLASS = YES_ERROR;
				CLANG_WARN_UNREACHABLE_CODE = YES;
				CLANG_WARN__DUPLICATE_METHOD_MATCH = YES;
				COPY_PHASE_STRIP = YES;
				DEBUG_INFORMATION_FORMAT = "dwarf-with-dsym";
				ENABLE_NS_ASSERTIONS = NO;
				ENABLE_STRICT_OBJC_MSGSEND = YES;
				GCC_C_LANGUAGE_STANDARD = gnu99;
				GCC_WARN_64_TO_32_BIT_CONVERSION = YES;
				GCC_WARN_ABOUT_RETURN_TYPE = YES_ERROR;
				GCC_WARN_UNDECLARED_SELECTOR = YES;
				GCC_WARN_UNINITIALIZED_AUTOS = YES_AGGRESSIVE;
				GCC_WARN_UNUSED_FUNCTION = YES;
				GCC_WARN_UNUSED_VARIABLE = YES;
				MACOSX_DEPLOYMENT_TARGET = 10.9;
				METAL_ENABLE_DEBUG_INFO = NO;
				SDKROOT = macosx;
			};
			name = Release;
		};
		9577445A194EA29200DE21B8 /* Debug */ = {
			isa = XCBuildConfiguration;
			buildSettings = {
				DYLIB_COMPATIBILITY_VERSION = 1;
				DYLIB_CURRENT_VERSION = 1;
				EXECUTABLE_PREFIX = lib;
				PRODUCT_NAME = "$(TARGET_NAME)";
			};
			name = Debug;
		};
		9577445B194EA29200DE21B8 /* Release */ = {
			isa = XCBuildConfiguration;
			buildSettings = {
				DYLIB_COMPATIBILITY_VERSION = 1;
				DYLIB_CURRENT_VERSION = 1;
				EXECUTABLE_PREFIX = lib;
				PRODUCT_NAME = "$(TARGET_NAME)";
			};
			name = Release;
		};
		95774469194EA2E900DE21B8 /* Debug */ = {
			isa = XCBuildConfiguration;
			buildSettings = {
				CLANG_ENABLE_MODULES = YES;
				GCC_PREPROCESSOR_DEFINITIONS = (
					"DEBUG=1",
					"$(inherited)",
				);
				LD_RUNPATH_SEARCH_PATHS = "$(inherited) @executable_path/../Frameworks @loader_path/../Frameworks";
				LIBRARY_SEARCH_PATHS = (
					"$(inherited)",
					"$(USER_LIBRARY_DIR)/Developer/Xcode/DerivedData/Swiftest-cfbpzcdigcqbrmdzkiyzlbnjozgg/Build/Products/Debug",
				);
				METAL_ENABLE_DEBUG_INFO = YES;
				PRODUCT_NAME = "$(TARGET_NAME)";
				SWIFT_OPTIMIZATION_LEVEL = "-Onone";
			};
			name = Debug;
		};
		9577446A194EA2E900DE21B8 /* Release */ = {
			isa = XCBuildConfiguration;
			buildSettings = {
				CLANG_ENABLE_MODULES = YES;
				LD_RUNPATH_SEARCH_PATHS = "$(inherited) @executable_path/../Frameworks @loader_path/../Frameworks";
				LIBRARY_SEARCH_PATHS = (
					"$(inherited)",
					"$(USER_LIBRARY_DIR)/Developer/Xcode/DerivedData/Swiftest-cfbpzcdigcqbrmdzkiyzlbnjozgg/Build/Products/Debug",
				);
				METAL_ENABLE_DEBUG_INFO = NO;
				PRODUCT_NAME = "$(TARGET_NAME)";
			};
			name = Release;
		};
		958C71B5194F9F7200C92ED3 /* Debug */ = {
			isa = XCBuildConfiguration;
			buildSettings = {
				PRODUCT_NAME = "$(TARGET_NAME)";
			};
			name = Debug;
		};
		958C71B6194F9F7200C92ED3 /* Release */ = {
			isa = XCBuildConfiguration;
			buildSettings = {
				PRODUCT_NAME = "$(TARGET_NAME)";
			};
			name = Release;
		};
/* End XCBuildConfiguration section */

/* Begin XCConfigurationList section */
		95774440194EA29200DE21B8 /* Build configuration list for PBXProject "Example" */ = {
			isa = XCConfigurationList;
			buildConfigurations = (
				95774457194EA29200DE21B8 /* Debug */,
				95774458194EA29200DE21B8 /* Release */,
			);
			defaultConfigurationIsVisible = 0;
			defaultConfigurationName = Release;
		};
		95774459194EA29200DE21B8 /* Build configuration list for PBXNativeTarget "Example" */ = {
			isa = XCConfigurationList;
			buildConfigurations = (
				9577445A194EA29200DE21B8 /* Debug */,
				9577445B194EA29200DE21B8 /* Release */,
			);
			defaultConfigurationIsVisible = 0;
			defaultConfigurationName = Release;
		};
		95774468194EA2E900DE21B8 /* Build configuration list for PBXNativeTarget "ExampleSpecs" */ = {
			isa = XCConfigurationList;
			buildConfigurations = (
				95774469194EA2E900DE21B8 /* Debug */,
				9577446A194EA2E900DE21B8 /* Release */,
			);
			defaultConfigurationIsVisible = 0;
			defaultConfigurationName = Release;
		};
		958C71B4194F9F7200C92ED3 /* Build configuration list for PBXAggregateTarget "SwiftestMain" */ = {
			isa = XCConfigurationList;
			buildConfigurations = (
				958C71B5194F9F7200C92ED3 /* Debug */,
				958C71B6194F9F7200C92ED3 /* Release */,
			);
			defaultConfigurationIsVisible = 0;
		};
/* End XCConfigurationList section */
	};
	rootObject = 9577443D194EA29200DE21B8 /* Project object */;
}
