// !$*UTF8*$!
{
	archiveVersion = 1;
	classes = {
	};
	objectVersion = 46;
	objects = {

/* Begin PBXBuildFile section */
		9570FBF51946402A00D4DFF3 /* libSwiftest.dylib in Frameworks */ = {isa = PBXBuildFile; fileRef = 9570FBE91946402A00D4DFF3 /* libSwiftest.dylib */; };
		95783575194A8EB600D3A49E /* BaseListener.swift in Sources */ = {isa = PBXBuildFile; fileRef = 95783574194A8EB600D3A49E /* BaseListener.swift */; };
		95960ABA194B4419005828FB /* MockListener.swift in Sources */ = {isa = PBXBuildFile; fileRef = 95960AB8194B43DE005828FB /* MockListener.swift */; };
		95960ABC194B4523005828FB /* Person.swift in Sources */ = {isa = PBXBuildFile; fileRef = 95960ABB194B4523005828FB /* Person.swift */; };
		95A23FDE194A08EE00276922 /* BaseExpectation.swift in Sources */ = {isa = PBXBuildFile; fileRef = 95A23FD4194A08EE00276922 /* BaseExpectation.swift */; };
		95A23FDF194A08EE00276922 /* BoolExpectation.swift in Sources */ = {isa = PBXBuildFile; fileRef = 95A23FD5194A08EE00276922 /* BoolExpectation.swift */; };
		95A23FE0194A08EE00276922 /* ArrayExpectation.swift in Sources */ = {isa = PBXBuildFile; fileRef = 95A23FD6194A08EE00276922 /* ArrayExpectation.swift */; };
		95A23FE1194A08EE00276922 /* DictionaryExpectation.swift in Sources */ = {isa = PBXBuildFile; fileRef = 95A23FD7194A08EE00276922 /* DictionaryExpectation.swift */; };
		95A23FE2194A08EE00276922 /* Example.swift in Sources */ = {isa = PBXBuildFile; fileRef = 95A23FD8194A08EE00276922 /* Example.swift */; };
		95A23FE3194A08EE00276922 /* ExampleStatus.swift in Sources */ = {isa = PBXBuildFile; fileRef = 95A23FD9194A08EE00276922 /* ExampleStatus.swift */; };
		95A23FE4194A08EE00276922 /* ExpectationResult.swift in Sources */ = {isa = PBXBuildFile; fileRef = 95A23FDA194A08EE00276922 /* ExpectationResult.swift */; };
		95A23FE5194A08EE00276922 /* ScalarExpectation.swift in Sources */ = {isa = PBXBuildFile; fileRef = 95A23FDB194A08EE00276922 /* ScalarExpectation.swift */; };
		95A23FE6194A08EE00276922 /* Specification.swift in Sources */ = {isa = PBXBuildFile; fileRef = 95A23FDC194A08EE00276922 /* Specification.swift */; };
		95A23FE7194A08EE00276922 /* Swiftest.swift in Sources */ = {isa = PBXBuildFile; fileRef = 95A23FDD194A08EE00276922 /* Swiftest.swift */; };
		95A23FF0194A090C00276922 /* BoolExpectationTest.swift in Sources */ = {isa = PBXBuildFile; fileRef = 95A23FE8194A090C00276922 /* BoolExpectationTest.swift */; };
		95A23FF1194A090C00276922 /* ArrayExpectationTest.swift in Sources */ = {isa = PBXBuildFile; fileRef = 95A23FE9194A090C00276922 /* ArrayExpectationTest.swift */; };
		95A23FF2194A090C00276922 /* DictionaryExpectationTest.swift in Sources */ = {isa = PBXBuildFile; fileRef = 95A23FEA194A090C00276922 /* DictionaryExpectationTest.swift */; };
		95A23FF3194A090C00276922 /* ExampleTest.swift in Sources */ = {isa = PBXBuildFile; fileRef = 95A23FEB194A090C00276922 /* ExampleTest.swift */; };
		95A23FF4194A090C00276922 /* Info.plist in Resources */ = {isa = PBXBuildFile; fileRef = 95A23FEC194A090C00276922 /* Info.plist */; };
		95A23FF5194A090C00276922 /* ScalarExpectationTest.swift in Sources */ = {isa = PBXBuildFile; fileRef = 95A23FED194A090C00276922 /* ScalarExpectationTest.swift */; };
		95A23FF6194A090C00276922 /* SpecificationTest.swift in Sources */ = {isa = PBXBuildFile; fileRef = 95A23FEE194A090C00276922 /* SpecificationTest.swift */; };
		95A23FF7194A090C00276922 /* SwiftestTest.swift in Sources */ = {isa = PBXBuildFile; fileRef = 95A23FEF194A090C00276922 /* SwiftestTest.swift */; };
		95B21603194B233400856F96 /* Reporter.swift in Sources */ = {isa = PBXBuildFile; fileRef = 95B21602194B233400856F96 /* Reporter.swift */; };
		95B21605194B24F900856F96 /* ReporterTest.swift in Sources */ = {isa = PBXBuildFile; fileRef = 95B21604194B24F900856F96 /* ReporterTest.swift */; };
		95F952E2194A6476003A77A9 /* ExpectationResultTest.swift in Sources */ = {isa = PBXBuildFile; fileRef = 95F952E1194A6476003A77A9 /* ExpectationResultTest.swift */; };
/* End PBXBuildFile section */

/* Begin PBXContainerItemProxy section */
		9570FBF61946402A00D4DFF3 /* PBXContainerItemProxy */ = {
			isa = PBXContainerItemProxy;
			containerPortal = 9570FBE11946402A00D4DFF3 /* Project object */;
			proxyType = 1;
			remoteGlobalIDString = 9570FBE81946402A00D4DFF3;
			remoteInfo = SwiftestCore;
		};
		95A23FCA194A060000276922 /* PBXContainerItemProxy */ = {
			isa = PBXContainerItemProxy;
			containerPortal = 9570FBE11946402A00D4DFF3 /* Project object */;
			proxyType = 1;
			remoteGlobalIDString = 9570FBE81946402A00D4DFF3;
			remoteInfo = Swiftest;
		};
		95A23FCC194A060000276922 /* PBXContainerItemProxy */ = {
			isa = PBXContainerItemProxy;
			containerPortal = 9570FBE11946402A00D4DFF3 /* Project object */;
			proxyType = 1;
			remoteGlobalIDString = 9570FBE81946402A00D4DFF3;
			remoteInfo = Swiftest;
		};
		95A23FCE194A060500276922 /* PBXContainerItemProxy */ = {
			isa = PBXContainerItemProxy;
			containerPortal = 9570FBE11946402A00D4DFF3 /* Project object */;
			proxyType = 1;
			remoteGlobalIDString = 9570FBE81946402A00D4DFF3;
			remoteInfo = Swiftest;
		};
		95A23FD0194A07C900276922 /* PBXContainerItemProxy */ = {
			isa = PBXContainerItemProxy;
			containerPortal = 9570FBE11946402A00D4DFF3 /* Project object */;
			proxyType = 1;
			remoteGlobalIDString = 9570FBE81946402A00D4DFF3;
			remoteInfo = Swiftest;
		};
		95A23FD2194A07C900276922 /* PBXContainerItemProxy */ = {
			isa = PBXContainerItemProxy;
			containerPortal = 9570FBE11946402A00D4DFF3 /* Project object */;
			proxyType = 1;
			remoteGlobalIDString = 9570FBE81946402A00D4DFF3;
			remoteInfo = Swiftest;
		};
		95F952E3194A6967003A77A9 /* PBXContainerItemProxy */ = {
			isa = PBXContainerItemProxy;
			containerPortal = 9570FBE11946402A00D4DFF3 /* Project object */;
			proxyType = 1;
			remoteGlobalIDString = 9570FBE81946402A00D4DFF3;
			remoteInfo = Swiftest;
		};
		95F952E5194A6967003A77A9 /* PBXContainerItemProxy */ = {
			isa = PBXContainerItemProxy;
			containerPortal = 9570FBE11946402A00D4DFF3 /* Project object */;
			proxyType = 1;
			remoteGlobalIDString = 9570FBE81946402A00D4DFF3;
			remoteInfo = Swiftest;
		};
/* End PBXContainerItemProxy section */

/* Begin PBXFileReference section */
		9570FBE91946402A00D4DFF3 /* libSwiftest.dylib */ = {isa = PBXFileReference; explicitFileType = "compiled.mach-o.dylib"; includeInIndex = 0; path = libSwiftest.dylib; sourceTree = BUILT_PRODUCTS_DIR; };
		9570FBF41946402A00D4DFF3 /* SwiftestTests.xctest */ = {isa = PBXFileReference; explicitFileType = wrapper.cfbundle; includeInIndex = 0; path = SwiftestTests.xctest; sourceTree = BUILT_PRODUCTS_DIR; };
		95783574194A8EB600D3A49E /* BaseListener.swift */ = {isa = PBXFileReference; fileEncoding = 4; lastKnownFileType = sourcecode.swift; name = BaseListener.swift; path = Core/BaseListener.swift; sourceTree = SOURCE_ROOT; };
		95960AB8194B43DE005828FB /* MockListener.swift */ = {isa = PBXFileReference; fileEncoding = 4; lastKnownFileType = sourcecode.swift; path = MockListener.swift; sourceTree = SOURCE_ROOT; };
		95960ABB194B4523005828FB /* Person.swift */ = {isa = PBXFileReference; fileEncoding = 4; lastKnownFileType = sourcecode.swift; path = Person.swift; sourceTree = SOURCE_ROOT; };
		95A23FD4194A08EE00276922 /* BaseExpectation.swift */ = {isa = PBXFileReference; fileEncoding = 4; lastKnownFileType = sourcecode.swift; name = BaseExpectation.swift; path = Core/BaseExpectation.swift; sourceTree = SOURCE_ROOT; };
		95A23FD5194A08EE00276922 /* BoolExpectation.swift */ = {isa = PBXFileReference; fileEncoding = 4; lastKnownFileType = sourcecode.swift; name = BoolExpectation.swift; path = Core/BoolExpectation.swift; sourceTree = SOURCE_ROOT; };
		95A23FD6194A08EE00276922 /* ArrayExpectation.swift */ = {isa = PBXFileReference; fileEncoding = 4; lastKnownFileType = sourcecode.swift; name = ArrayExpectation.swift; path = Core/ArrayExpectation.swift; sourceTree = SOURCE_ROOT; };
		95A23FD7194A08EE00276922 /* DictionaryExpectation.swift */ = {isa = PBXFileReference; fileEncoding = 4; lastKnownFileType = sourcecode.swift; name = DictionaryExpectation.swift; path = Core/DictionaryExpectation.swift; sourceTree = SOURCE_ROOT; };
		95A23FD8194A08EE00276922 /* Example.swift */ = {isa = PBXFileReference; fileEncoding = 4; lastKnownFileType = sourcecode.swift; name = Example.swift; path = Core/Example.swift; sourceTree = SOURCE_ROOT; };
		95A23FD9194A08EE00276922 /* ExampleStatus.swift */ = {isa = PBXFileReference; fileEncoding = 4; lastKnownFileType = sourcecode.swift; name = ExampleStatus.swift; path = Core/ExampleStatus.swift; sourceTree = SOURCE_ROOT; };
		95A23FDA194A08EE00276922 /* ExpectationResult.swift */ = {isa = PBXFileReference; fileEncoding = 4; lastKnownFileType = sourcecode.swift; name = ExpectationResult.swift; path = Core/ExpectationResult.swift; sourceTree = SOURCE_ROOT; };
		95A23FDB194A08EE00276922 /* ScalarExpectation.swift */ = {isa = PBXFileReference; fileEncoding = 4; lastKnownFileType = sourcecode.swift; name = ScalarExpectation.swift; path = Core/ScalarExpectation.swift; sourceTree = SOURCE_ROOT; };
		95A23FDC194A08EE00276922 /* Specification.swift */ = {isa = PBXFileReference; fileEncoding = 4; lastKnownFileType = sourcecode.swift; name = Specification.swift; path = Core/Specification.swift; sourceTree = SOURCE_ROOT; };
		95A23FDD194A08EE00276922 /* Swiftest.swift */ = {isa = PBXFileReference; fileEncoding = 4; lastKnownFileType = sourcecode.swift; name = Swiftest.swift; path = Core/Swiftest.swift; sourceTree = SOURCE_ROOT; };
		95A23FE8194A090C00276922 /* BoolExpectationTest.swift */ = {isa = PBXFileReference; fileEncoding = 4; lastKnownFileType = sourcecode.swift; name = BoolExpectationTest.swift; path = Test/BoolExpectationTest.swift; sourceTree = SOURCE_ROOT; };
		95A23FE9194A090C00276922 /* ArrayExpectationTest.swift */ = {isa = PBXFileReference; fileEncoding = 4; lastKnownFileType = sourcecode.swift; name = ArrayExpectationTest.swift; path = Test/ArrayExpectationTest.swift; sourceTree = SOURCE_ROOT; };
		95A23FEA194A090C00276922 /* DictionaryExpectationTest.swift */ = {isa = PBXFileReference; fileEncoding = 4; lastKnownFileType = sourcecode.swift; name = DictionaryExpectationTest.swift; path = Test/DictionaryExpectationTest.swift; sourceTree = SOURCE_ROOT; };
		95A23FEB194A090C00276922 /* ExampleTest.swift */ = {isa = PBXFileReference; fileEncoding = 4; lastKnownFileType = sourcecode.swift; name = ExampleTest.swift; path = Test/ExampleTest.swift; sourceTree = SOURCE_ROOT; };
		95A23FEC194A090C00276922 /* Info.plist */ = {isa = PBXFileReference; fileEncoding = 4; lastKnownFileType = text.plist.xml; name = Info.plist; path = Test/Info.plist; sourceTree = SOURCE_ROOT; };
		95A23FED194A090C00276922 /* ScalarExpectationTest.swift */ = {isa = PBXFileReference; fileEncoding = 4; lastKnownFileType = sourcecode.swift; name = ScalarExpectationTest.swift; path = Test/ScalarExpectationTest.swift; sourceTree = SOURCE_ROOT; };
		95A23FEE194A090C00276922 /* SpecificationTest.swift */ = {isa = PBXFileReference; fileEncoding = 4; lastKnownFileType = sourcecode.swift; name = SpecificationTest.swift; path = Test/SpecificationTest.swift; sourceTree = SOURCE_ROOT; };
		95A23FEF194A090C00276922 /* SwiftestTest.swift */ = {isa = PBXFileReference; fileEncoding = 4; lastKnownFileType = sourcecode.swift; name = SwiftestTest.swift; path = Test/SwiftestTest.swift; sourceTree = SOURCE_ROOT; };
		95B21602194B233400856F96 /* Reporter.swift */ = {isa = PBXFileReference; fileEncoding = 4; lastKnownFileType = sourcecode.swift; name = Reporter.swift; path = Core/Reporter.swift; sourceTree = SOURCE_ROOT; };
		95B21604194B24F900856F96 /* ReporterTest.swift */ = {isa = PBXFileReference; fileEncoding = 4; lastKnownFileType = sourcecode.swift; name = ReporterTest.swift; path = Test/ReporterTest.swift; sourceTree = SOURCE_ROOT; };
		95F952E1194A6476003A77A9 /* ExpectationResultTest.swift */ = {isa = PBXFileReference; fileEncoding = 4; lastKnownFileType = sourcecode.swift; name = ExpectationResultTest.swift; path = Test/ExpectationResultTest.swift; sourceTree = SOURCE_ROOT; };
/* End PBXFileReference section */

/* Begin PBXFrameworksBuildPhase section */
		9570FBE61946402A00D4DFF3 /* Frameworks */ = {
			isa = PBXFrameworksBuildPhase;
			buildActionMask = 2147483647;
			files = (
			);
			runOnlyForDeploymentPostprocessing = 0;
		};
		9570FBF11946402A00D4DFF3 /* Frameworks */ = {
			isa = PBXFrameworksBuildPhase;
			buildActionMask = 2147483647;
			files = (
				9570FBF51946402A00D4DFF3 /* libSwiftest.dylib in Frameworks */,
			);
			runOnlyForDeploymentPostprocessing = 0;
		};
/* End PBXFrameworksBuildPhase section */

/* Begin PBXGroup section */
		9570FBE01946402A00D4DFF3 = {
			isa = PBXGroup;
			children = (
				9570FBEB1946402A00D4DFF3 /* Swiftest */,
				9570FBF81946402A00D4DFF3 /* Test */,
				9570FBEA1946402A00D4DFF3 /* Products */,
			);
			sourceTree = "<group>";
		};
		9570FBEA1946402A00D4DFF3 /* Products */ = {
			isa = PBXGroup;
			children = (
				9570FBE91946402A00D4DFF3 /* libSwiftest.dylib */,
				9570FBF41946402A00D4DFF3 /* SwiftestTests.xctest */,
			);
			name = Products;
			sourceTree = "<group>";
		};
		9570FBEB1946402A00D4DFF3 /* Swiftest */ = {
			isa = PBXGroup;
			children = (
				95F952DD194A6363003A77A9 /* Expectations */,
				95783574194A8EB600D3A49E /* BaseListener.swift */,
				95A23FD8194A08EE00276922 /* Example.swift */,
				95A23FD9194A08EE00276922 /* ExampleStatus.swift */,
				95A23FDA194A08EE00276922 /* ExpectationResult.swift */,
				95B21602194B233400856F96 /* Reporter.swift */,
				95A23FDC194A08EE00276922 /* Specification.swift */,
				95A23FDD194A08EE00276922 /* Swiftest.swift */,
			);
			name = Swiftest;
			path = SwiftestCore;
			sourceTree = "<group>";
		};
		9570FBF81946402A00D4DFF3 /* Test */ = {
			isa = PBXGroup;
			children = (
				95960AB7194B4074005828FB /* Util */,
				95F952DE194A636D003A77A9 /* Expectations */,
				95A23FEB194A090C00276922 /* ExampleTest.swift */,
				95F952E1194A6476003A77A9 /* ExpectationResultTest.swift */,
				95B21604194B24F900856F96 /* ReporterTest.swift */,
				95A23FEE194A090C00276922 /* SpecificationTest.swift */,
				95A23FEF194A090C00276922 /* SwiftestTest.swift */,
				95A23FF8194A091100276922 /* Supporting Files */,
			);
			name = Test;
			path = SwiftestCoreTests;
			sourceTree = "<group>";
		};
		95960AB7194B4074005828FB /* Util */ = {
			isa = PBXGroup;
			children = (
				95960AB8194B43DE005828FB /* MockListener.swift */,
				95960ABB194B4523005828FB /* Person.swift */,
			);
			name = Util;
			sourceTree = "<group>";
		};
		95A23FF8194A091100276922 /* Supporting Files */ = {
			isa = PBXGroup;
			children = (
				95A23FEC194A090C00276922 /* Info.plist */,
			);
			name = "Supporting Files";
			sourceTree = "<group>";
		};
		95F952DD194A6363003A77A9 /* Expectations */ = {
			isa = PBXGroup;
			children = (
				95A23FD6194A08EE00276922 /* ArrayExpectation.swift */,
				95A23FD4194A08EE00276922 /* BaseExpectation.swift */,
				95A23FD5194A08EE00276922 /* BoolExpectation.swift */,
				95A23FD7194A08EE00276922 /* DictionaryExpectation.swift */,
				95A23FDB194A08EE00276922 /* ScalarExpectation.swift */,
			);
			name = Expectations;
			sourceTree = "<group>";
		};
		95F952DE194A636D003A77A9 /* Expectations */ = {
			isa = PBXGroup;
			children = (
				95A23FE9194A090C00276922 /* ArrayExpectationTest.swift */,
				95A23FE8194A090C00276922 /* BoolExpectationTest.swift */,
				95A23FEA194A090C00276922 /* DictionaryExpectationTest.swift */,
				95A23FED194A090C00276922 /* ScalarExpectationTest.swift */,
			);
			name = Expectations;
			sourceTree = "<group>";
		};
/* End PBXGroup section */

/* Begin PBXHeadersBuildPhase section */
		9570FBE71946402A00D4DFF3 /* Headers */ = {
			isa = PBXHeadersBuildPhase;
			buildActionMask = 2147483647;
			files = (
			);
			runOnlyForDeploymentPostprocessing = 0;
		};
/* End PBXHeadersBuildPhase section */

/* Begin PBXNativeTarget section */
		9570FBE81946402A00D4DFF3 /* Swiftest */ = {
			isa = PBXNativeTarget;
			buildConfigurationList = 9570FBFD1946402A00D4DFF3 /* Build configuration list for PBXNativeTarget "Swiftest" */;
			buildPhases = (
				9570FBE51946402A00D4DFF3 /* Sources */,
				9570FBE61946402A00D4DFF3 /* Frameworks */,
				9570FBE71946402A00D4DFF3 /* Headers */,
			);
			buildRules = (
			);
			dependencies = (
			);
			name = Swiftest;
			productName = SwiftestCore;
			productReference = 9570FBE91946402A00D4DFF3 /* libSwiftest.dylib */;
			productType = "com.apple.product-type.library.dynamic";
		};
		9570FBF31946402A00D4DFF3 /* SwiftestTests */ = {
			isa = PBXNativeTarget;
			buildConfigurationList = 9570FC001946402A00D4DFF3 /* Build configuration list for PBXNativeTarget "SwiftestTests" */;
			buildPhases = (
				9570FBF01946402A00D4DFF3 /* Sources */,
				9570FBF11946402A00D4DFF3 /* Frameworks */,
				9570FBF21946402A00D4DFF3 /* Resources */,
			);
			buildRules = (
			);
			dependencies = (
				9570FBF71946402A00D4DFF3 /* PBXTargetDependency */,
				95A23FCB194A060000276922 /* PBXTargetDependency */,
				95A23FCD194A060000276922 /* PBXTargetDependency */,
				95A23FCF194A060500276922 /* PBXTargetDependency */,
				95A23FD1194A07C900276922 /* PBXTargetDependency */,
				95A23FD3194A07C900276922 /* PBXTargetDependency */,
				95F952E4194A6967003A77A9 /* PBXTargetDependency */,
				95F952E6194A6967003A77A9 /* PBXTargetDependency */,
			);
			name = SwiftestTests;
			productName = SwiftestCoreTests;
			productReference = 9570FBF41946402A00D4DFF3 /* SwiftestTests.xctest */;
			productType = "com.apple.product-type.bundle.unit-test";
		};
/* End PBXNativeTarget section */

/* Begin PBXProject section */
		9570FBE11946402A00D4DFF3 /* Project object */ = {
			isa = PBXProject;
			attributes = {
				LastUpgradeCheck = 0600;
				ORGANIZATIONNAME = swifttest;
				TargetAttributes = {
					9570FBE81946402A00D4DFF3 = {
						CreatedOnToolsVersion = 6.0;
					};
					9570FBF31946402A00D4DFF3 = {
						CreatedOnToolsVersion = 6.0;
						TestTargetID = 9570FBE81946402A00D4DFF3;
					};
				};
			};
			buildConfigurationList = 9570FBE41946402A00D4DFF3 /* Build configuration list for PBXProject "Swiftest" */;
			compatibilityVersion = "Xcode 3.2";
			developmentRegion = English;
			hasScannedForEncodings = 0;
			knownRegions = (
				en,
			);
			mainGroup = 9570FBE01946402A00D4DFF3;
			productRefGroup = 9570FBEA1946402A00D4DFF3 /* Products */;
			projectDirPath = "";
			projectRoot = "";
			targets = (
				9570FBE81946402A00D4DFF3 /* Swiftest */,
				9570FBF31946402A00D4DFF3 /* SwiftestTests */,
			);
		};
/* End PBXProject section */

/* Begin PBXResourcesBuildPhase section */
		9570FBF21946402A00D4DFF3 /* Resources */ = {
			isa = PBXResourcesBuildPhase;
			buildActionMask = 2147483647;
			files = (
				95A23FF4194A090C00276922 /* Info.plist in Resources */,
			);
			runOnlyForDeploymentPostprocessing = 0;
		};
/* End PBXResourcesBuildPhase section */

/* Begin PBXSourcesBuildPhase section */
		9570FBE51946402A00D4DFF3 /* Sources */ = {
			isa = PBXSourcesBuildPhase;
			buildActionMask = 2147483647;
			files = (
				95A23FE6194A08EE00276922 /* Specification.swift in Sources */,
				95A23FE1194A08EE00276922 /* DictionaryExpectation.swift in Sources */,
				95A23FE7194A08EE00276922 /* Swiftest.swift in Sources */,
				95A23FDF194A08EE00276922 /* BoolExpectation.swift in Sources */,
				95B21603194B233400856F96 /* Reporter.swift in Sources */,
				95783575194A8EB600D3A49E /* BaseListener.swift in Sources */,
				95A23FE0194A08EE00276922 /* ArrayExpectation.swift in Sources */,
				95A23FDE194A08EE00276922 /* BaseExpectation.swift in Sources */,
				95A23FE5194A08EE00276922 /* ScalarExpectation.swift in Sources */,
				95A23FE3194A08EE00276922 /* ExampleStatus.swift in Sources */,
				95A23FE4194A08EE00276922 /* ExpectationResult.swift in Sources */,
				95A23FE2194A08EE00276922 /* Example.swift in Sources */,
			);
			runOnlyForDeploymentPostprocessing = 0;
		};
		9570FBF01946402A00D4DFF3 /* Sources */ = {
			isa = PBXSourcesBuildPhase;
			buildActionMask = 2147483647;
			files = (
				95960ABA194B4419005828FB /* MockListener.swift in Sources */,
				95A23FF3194A090C00276922 /* ExampleTest.swift in Sources */,
				95A23FF5194A090C00276922 /* ScalarExpectationTest.swift in Sources */,
				95A23FF1194A090C00276922 /* ArrayExpectationTest.swift in Sources */,
				95960ABC194B4523005828FB /* Person.swift in Sources */,
				95A23FF6194A090C00276922 /* SpecificationTest.swift in Sources */,
				95B21605194B24F900856F96 /* ReporterTest.swift in Sources */,
				95A23FF0194A090C00276922 /* BoolExpectationTest.swift in Sources */,
				95F952E2194A6476003A77A9 /* ExpectationResultTest.swift in Sources */,
				95A23FF7194A090C00276922 /* SwiftestTest.swift in Sources */,
				95A23FF2194A090C00276922 /* DictionaryExpectationTest.swift in Sources */,
			);
			runOnlyForDeploymentPostprocessing = 0;
		};
/* End PBXSourcesBuildPhase section */

/* Begin PBXTargetDependency section */
		9570FBF71946402A00D4DFF3 /* PBXTargetDependency */ = {
			isa = PBXTargetDependency;
			target = 9570FBE81946402A00D4DFF3 /* Swiftest */;
			targetProxy = 9570FBF61946402A00D4DFF3 /* PBXContainerItemProxy */;
		};
		95A23FCB194A060000276922 /* PBXTargetDependency */ = {
			isa = PBXTargetDependency;
			target = 9570FBE81946402A00D4DFF3 /* Swiftest */;
			targetProxy = 95A23FCA194A060000276922 /* PBXContainerItemProxy */;
		};
		95A23FCD194A060000276922 /* PBXTargetDependency */ = {
			isa = PBXTargetDependency;
			target = 9570FBE81946402A00D4DFF3 /* Swiftest */;
			targetProxy = 95A23FCC194A060000276922 /* PBXContainerItemProxy */;
		};
		95A23FCF194A060500276922 /* PBXTargetDependency */ = {
			isa = PBXTargetDependency;
			target = 9570FBE81946402A00D4DFF3 /* Swiftest */;
			targetProxy = 95A23FCE194A060500276922 /* PBXContainerItemProxy */;
		};
		95A23FD1194A07C900276922 /* PBXTargetDependency */ = {
			isa = PBXTargetDependency;
			target = 9570FBE81946402A00D4DFF3 /* Swiftest */;
			targetProxy = 95A23FD0194A07C900276922 /* PBXContainerItemProxy */;
		};
		95A23FD3194A07C900276922 /* PBXTargetDependency */ = {
			isa = PBXTargetDependency;
			target = 9570FBE81946402A00D4DFF3 /* Swiftest */;
			targetProxy = 95A23FD2194A07C900276922 /* PBXContainerItemProxy */;
		};
		95F952E4194A6967003A77A9 /* PBXTargetDependency */ = {
			isa = PBXTargetDependency;
			target = 9570FBE81946402A00D4DFF3 /* Swiftest */;
			targetProxy = 95F952E3194A6967003A77A9 /* PBXContainerItemProxy */;
		};
		95F952E6194A6967003A77A9 /* PBXTargetDependency */ = {
			isa = PBXTargetDependency;
			target = 9570FBE81946402A00D4DFF3 /* Swiftest */;
			targetProxy = 95F952E5194A6967003A77A9 /* PBXContainerItemProxy */;
		};
/* End PBXTargetDependency section */

/* Begin XCBuildConfiguration section */
		9570FBFB1946402A00D4DFF3 /* Debug */ = {
			isa = XCBuildConfiguration;
			buildSettings = {
				ALWAYS_SEARCH_USER_PATHS = NO;
				CLANG_CXX_LANGUAGE_STANDARD = "gnu++0x";
				CLANG_CXX_LIBRARY = "libc++";
				CLANG_ENABLE_MODULES = YES;
				CLANG_ENABLE_OBJC_ARC = YES;
				CLANG_WARN_BOOL_CONVERSION = YES;
				CLANG_WARN_CONSTANT_CONVERSION = YES;
				CLANG_WARN_DIRECT_OBJC_ISA_USAGE = YES_ERROR;
				CLANG_WARN_EMPTY_BODY = YES;
				CLANG_WARN_ENUM_CONVERSION = YES;
				CLANG_WARN_INT_CONVERSION = YES;
				CLANG_WARN_OBJC_ROOT_CLASS = YES_ERROR;
				CLANG_WARN_UNREACHABLE_CODE = YES;
				CLANG_WARN__DUPLICATE_METHOD_MATCH = YES;
				COPY_PHASE_STRIP = NO;
				ENABLE_STRICT_OBJC_MSGSEND = YES;
				GCC_C_LANGUAGE_STANDARD = gnu99;
				GCC_DYNAMIC_NO_PIC = NO;
				GCC_OPTIMIZATION_LEVEL = 0;
				GCC_PREPROCESSOR_DEFINITIONS = (
					"DEBUG=1",
					"$(inherited)",
				);
				GCC_SYMBOLS_PRIVATE_EXTERN = NO;
				GCC_WARN_64_TO_32_BIT_CONVERSION = YES;
				GCC_WARN_ABOUT_RETURN_TYPE = YES_ERROR;
				GCC_WARN_UNDECLARED_SELECTOR = YES;
				GCC_WARN_UNINITIALIZED_AUTOS = YES_AGGRESSIVE;
				GCC_WARN_UNUSED_FUNCTION = YES;
				GCC_WARN_UNUSED_VARIABLE = YES;
				MACOSX_DEPLOYMENT_TARGET = 10.10;
				METAL_ENABLE_DEBUG_INFO = YES;
				ONLY_ACTIVE_ARCH = YES;
				SDKROOT = macosx;
			};
			name = Debug;
		};
		9570FBFC1946402A00D4DFF3 /* Release */ = {
			isa = XCBuildConfiguration;
			buildSettings = {
				ALWAYS_SEARCH_USER_PATHS = NO;
				CLANG_CXX_LANGUAGE_STANDARD = "gnu++0x";
				CLANG_CXX_LIBRARY = "libc++";
				CLANG_ENABLE_MODULES = YES;
				CLANG_ENABLE_OBJC_ARC = YES;
				CLANG_WARN_BOOL_CONVERSION = YES;
				CLANG_WARN_CONSTANT_CONVERSION = YES;
				CLANG_WARN_DIRECT_OBJC_ISA_USAGE = YES_ERROR;
				CLANG_WARN_EMPTY_BODY = YES;
				CLANG_WARN_ENUM_CONVERSION = YES;
				CLANG_WARN_INT_CONVERSION = YES;
				CLANG_WARN_OBJC_ROOT_CLASS = YES_ERROR;
				CLANG_WARN_UNREACHABLE_CODE = YES;
				CLANG_WARN__DUPLICATE_METHOD_MATCH = YES;
				COPY_PHASE_STRIP = YES;
				DEBUG_INFORMATION_FORMAT = "dwarf-with-dsym";
				ENABLE_NS_ASSERTIONS = NO;
				ENABLE_STRICT_OBJC_MSGSEND = YES;
				GCC_C_LANGUAGE_STANDARD = gnu99;
				GCC_WARN_64_TO_32_BIT_CONVERSION = YES;
				GCC_WARN_ABOUT_RETURN_TYPE = YES_ERROR;
				GCC_WARN_UNDECLARED_SELECTOR = YES;
				GCC_WARN_UNINITIALIZED_AUTOS = YES_AGGRESSIVE;
				GCC_WARN_UNUSED_FUNCTION = YES;
				GCC_WARN_UNUSED_VARIABLE = YES;
				MACOSX_DEPLOYMENT_TARGET = 10.10;
				METAL_ENABLE_DEBUG_INFO = NO;
				SDKROOT = macosx;
			};
			name = Release;
		};
		9570FBFE1946402A00D4DFF3 /* Debug */ = {
			isa = XCBuildConfiguration;
			buildSettings = {
				CLANG_ENABLE_MODULES = YES;
				DYLIB_COMPATIBILITY_VERSION = 1;
				DYLIB_CURRENT_VERSION = 1;
				EXECUTABLE_PREFIX = lib;
				LD_RUNPATH_SEARCH_PATHS = "$(inherited) @executable_path/../Frameworks @loader_path/../Frameworks";
				PRODUCT_NAME = Swiftest;
				SWIFT_INSTALL_OBJC_HEADER = NO;
				SWIFT_OBJC_BRIDGING_HEADER = "";
				SWIFT_OPTIMIZATION_LEVEL = "-Onone";
			};
			name = Debug;
		};
		9570FBFF1946402A00D4DFF3 /* Release */ = {
			isa = XCBuildConfiguration;
			buildSettings = {
				CLANG_ENABLE_MODULES = YES;
				DYLIB_COMPATIBILITY_VERSION = 1;
				DYLIB_CURRENT_VERSION = 1;
				EXECUTABLE_PREFIX = lib;
				LD_RUNPATH_SEARCH_PATHS = "$(inherited) @executable_path/../Frameworks @loader_path/../Frameworks";
				PRODUCT_NAME = Swiftest;
				SWIFT_INSTALL_OBJC_HEADER = NO;
				SWIFT_OBJC_BRIDGING_HEADER = "";
			};
			name = Release;
		};
		9570FC011946402A00D4DFF3 /* Debug */ = {
			isa = XCBuildConfiguration;
			buildSettings = {
				CLANG_ENABLE_MODULES = YES;
				COMBINE_HIDPI_IMAGES = YES;
				FRAMEWORK_SEARCH_PATHS = (
					"$(DEVELOPER_FRAMEWORKS_DIR)",
					"$(inherited)",
				);
				GCC_PREPROCESSOR_DEFINITIONS = (
					"DEBUG=1",
					"$(inherited)",
				);
				INFOPLIST_FILE = ../Swiftest/Test/Info.plist;
				LD_RUNPATH_SEARCH_PATHS = "$(inherited) @executable_path/../Frameworks @loader_path/../Frameworks";
				METAL_ENABLE_DEBUG_INFO = YES;
				PRODUCT_NAME = SwiftestTests;
				SWIFT_INSTALL_OBJC_HEADER = NO;
				SWIFT_OPTIMIZATION_LEVEL = "-Onone";
			};
			name = Debug;
		};
		9570FC021946402A00D4DFF3 /* Release */ = {
			isa = XCBuildConfiguration;
			buildSettings = {
				CLANG_ENABLE_MODULES = YES;
				COMBINE_HIDPI_IMAGES = YES;
				FRAMEWORK_SEARCH_PATHS = (
					"$(DEVELOPER_FRAMEWORKS_DIR)",
					"$(inherited)",
				);
				INFOPLIST_FILE = ../Swiftest/Test/Info.plist;
				LD_RUNPATH_SEARCH_PATHS = "$(inherited) @executable_path/../Frameworks @loader_path/../Frameworks";
				METAL_ENABLE_DEBUG_INFO = NO;
				PRODUCT_NAME = SwiftestTests;
				SWIFT_INSTALL_OBJC_HEADER = NO;
			};
			name = Release;
		};
/* End XCBuildConfiguration section */

/* Begin XCConfigurationList section */
		9570FBE41946402A00D4DFF3 /* Build configuration list for PBXProject "Swiftest" */ = {
			isa = XCConfigurationList;
			buildConfigurations = (
				9570FBFB1946402A00D4DFF3 /* Debug */,
				9570FBFC1946402A00D4DFF3 /* Release */,
			);
			defaultConfigurationIsVisible = 0;
			defaultConfigurationName = Release;
		};
		9570FBFD1946402A00D4DFF3 /* Build configuration list for PBXNativeTarget "Swiftest" */ = {
			isa = XCConfigurationList;
			buildConfigurations = (
				9570FBFE1946402A00D4DFF3 /* Debug */,
				9570FBFF1946402A00D4DFF3 /* Release */,
			);
			defaultConfigurationIsVisible = 0;
			defaultConfigurationName = Release;
		};
		9570FC001946402A00D4DFF3 /* Build configuration list for PBXNativeTarget "SwiftestTests" */ = {
			isa = XCConfigurationList;
			buildConfigurations = (
				9570FC011946402A00D4DFF3 /* Debug */,
				9570FC021946402A00D4DFF3 /* Release */,
			);
			defaultConfigurationIsVisible = 0;
			defaultConfigurationName = Release;
		};
/* End XCConfigurationList section */
	};
	rootObject = 9570FBE11946402A00D4DFF3 /* Project object */;
}
